// !$*UTF8*$!
{
	archiveVersion = 1;
	classes = {
	};
	objectVersion = 46;
	objects = {

/* Begin PBXBuildFile section */
		1D3623260D0F684500981E51 /* MInCAppDelegate.m in Sources */ = {isa = PBXBuildFile; fileRef = 1D3623250D0F684500981E51 /* MInCAppDelegate.m */; };
		1D60589B0D05DD56006BFB54 /* main.m in Sources */ = {isa = PBXBuildFile; fileRef = 29B97316FDCFA39411CA2CEA /* main.m */; };
		1D60589F0D05DD5A006BFB54 /* Foundation.framework in Frameworks */ = {isa = PBXBuildFile; fileRef = 1D30AB110D05D00D00671497 /* Foundation.framework */; };
		1DF5F4E00D08C38300B7A737 /* UIKit.framework in Frameworks */ = {isa = PBXBuildFile; fileRef = 1DF5F4DF0D08C38300B7A737 /* UIKit.framework */; };
		211AB3D511B8098D00B41C09 /* ADSR.m in Sources */ = {isa = PBXBuildFile; fileRef = 211AB3C711B8098D00B41C09 /* ADSR.m */; };
		211AB3D611B8098D00B41C09 /* AQPlayer.m in Sources */ = {isa = PBXBuildFile; fileRef = 211AB3C911B8098D00B41C09 /* AQPlayer.m */; };
		211AB3D711B8098D00B41C09 /* Note.m in Sources */ = {isa = PBXBuildFile; fileRef = 211AB3CC11B8098D00B41C09 /* Note.m */; };
		211AB3D811B8098D00B41C09 /* Sequence.m in Sources */ = {isa = PBXBuildFile; fileRef = 211AB3CE11B8098D00B41C09 /* Sequence.m */; };
		211AB3D911B8098D00B41C09 /* Sequencer.m in Sources */ = {isa = PBXBuildFile; fileRef = 211AB3D011B8098D00B41C09 /* Sequencer.m */; };
		211AB3DA11B8098D00B41C09 /* TouchView.m in Sources */ = {isa = PBXBuildFile; fileRef = 211AB3D211B8098D00B41C09 /* TouchView.m */; };
		211AB3DB11B8098D00B41C09 /* WaveFormTable.m in Sources */ = {isa = PBXBuildFile; fileRef = 211AB3D411B8098D00B41C09 /* WaveFormTable.m */; };
		2162021B11B396E000E93E07 /* AudioToolbox.framework in Frameworks */ = {isa = PBXBuildFile; fileRef = 2162021A11B396E000E93E07 /* AudioToolbox.framework */; };
		2195D37511B6B6C3002E46FD /* SoundFile.m in Sources */ = {isa = PBXBuildFile; fileRef = 2195D37411B6B6C3002E46FD /* SoundFile.m */; };
		21B8AC9711B4208200C88C2D /* SecondView.m in Sources */ = {isa = PBXBuildFile; fileRef = 21B8AC9611B4208200C88C2D /* SecondView.m */; };
		21D9F8D211DA45E600D2C266 /* InCCover.jpg in Resources */ = {isa = PBXBuildFile; fileRef = 21D9F8CB11DA45E600D2C266 /* InCCover.jpg */; };
		21D9F8D311DA45E600D2C266 /* InC04.jpg in Resources */ = {isa = PBXBuildFile; fileRef = 21D9F8CC11DA45E600D2C266 /* InC04.jpg */; };
		21D9F8D411DA45E600D2C266 /* InC05.jpg in Resources */ = {isa = PBXBuildFile; fileRef = 21D9F8CD11DA45E600D2C266 /* InC05.jpg */; };
		21D9F8D511DA45E600D2C266 /* InC02.jpg in Resources */ = {isa = PBXBuildFile; fileRef = 21D9F8CE11DA45E600D2C266 /* InC02.jpg */; };
		21D9F8D611DA45E600D2C266 /* InC03.jpg in Resources */ = {isa = PBXBuildFile; fileRef = 21D9F8CF11DA45E600D2C266 /* InC03.jpg */; };
		21D9F8D711DA45E600D2C266 /* InC01.jpg in Resources */ = {isa = PBXBuildFile; fileRef = 21D9F8D011DA45E600D2C266 /* InC01.jpg */; };
		21D9F8D811DA45E600D2C266 /* InC06.jpg in Resources */ = {isa = PBXBuildFile; fileRef = 21D9F8D111DA45E600D2C266 /* InC06.jpg */; };
		28216C970DB411BC00E5133A /* FirstViewController.m in Sources */ = {isa = PBXBuildFile; fileRef = 28216C960DB411BC00E5133A /* FirstViewController.m */; };
		282CCBFE0DB6C98000C4EA27 /* SecondView.xib in Resources */ = {isa = PBXBuildFile; fileRef = 282CCBFD0DB6C98000C4EA27 /* SecondView.xib */; };
		288765080DF74369002DB57D /* CoreGraphics.framework in Frameworks */ = {isa = PBXBuildFile; fileRef = 288765070DF74369002DB57D /* CoreGraphics.framework */; };
		28AD73880D9D96C1002E5188 /* MainWindow.xib in Resources */ = {isa = PBXBuildFile; fileRef = 28AD73870D9D96C1002E5188 /* MainWindow.xib */; };
/* End PBXBuildFile section */

/* Begin PBXFileReference section */
		1D30AB110D05D00D00671497 /* Foundation.framework */ = {isa = PBXFileReference; lastKnownFileType = wrapper.framework; name = Foundation.framework; path = System/Library/Frameworks/Foundation.framework; sourceTree = SDKROOT; };
		1D3623240D0F684500981E51 /* MInCAppDelegate.h */ = {isa = PBXFileReference; fileEncoding = 4; lastKnownFileType = sourcecode.c.h; path = MInCAppDelegate.h; sourceTree = "<group>"; };
		1D3623250D0F684500981E51 /* MInCAppDelegate.m */ = {isa = PBXFileReference; fileEncoding = 4; lastKnownFileType = sourcecode.c.objc; path = MInCAppDelegate.m; sourceTree = "<group>"; };
		1D6058910D05DD3D006BFB54 /* MInC.app */ = {isa = PBXFileReference; explicitFileType = wrapper.application; includeInIndex = 0; path = MInC.app; sourceTree = BUILT_PRODUCTS_DIR; };
		1DF5F4DF0D08C38300B7A737 /* UIKit.framework */ = {isa = PBXFileReference; lastKnownFileType = wrapper.framework; name = UIKit.framework; path = System/Library/Frameworks/UIKit.framework; sourceTree = SDKROOT; };
		211AB3C611B8098D00B41C09 /* ADSR.h */ = {isa = PBXFileReference; fileEncoding = 4; lastKnownFileType = sourcecode.c.h; path = ADSR.h; sourceTree = "<group>"; };
		211AB3C711B8098D00B41C09 /* ADSR.m */ = {isa = PBXFileReference; fileEncoding = 4; lastKnownFileType = sourcecode.c.objc; path = ADSR.m; sourceTree = "<group>"; };
		211AB3C811B8098D00B41C09 /* AQPlayer.h */ = {isa = PBXFileReference; fileEncoding = 4; lastKnownFileType = sourcecode.c.h; path = AQPlayer.h; sourceTree = "<group>"; };
		211AB3C911B8098D00B41C09 /* AQPlayer.m */ = {isa = PBXFileReference; fileEncoding = 4; lastKnownFileType = sourcecode.c.objc; path = AQPlayer.m; sourceTree = "<group>"; };
		211AB3CA11B8098D00B41C09 /* Content.h */ = {isa = PBXFileReference; fileEncoding = 4; lastKnownFileType = sourcecode.c.h; path = Content.h; sourceTree = "<group>"; };
		211AB3CB11B8098D00B41C09 /* Note.h */ = {isa = PBXFileReference; fileEncoding = 4; lastKnownFileType = sourcecode.c.h; path = Note.h; sourceTree = "<group>"; };
		211AB3CC11B8098D00B41C09 /* Note.m */ = {isa = PBXFileReference; fileEncoding = 4; lastKnownFileType = sourcecode.c.objc; path = Note.m; sourceTree = "<group>"; };
		211AB3CD11B8098D00B41C09 /* Sequence.h */ = {isa = PBXFileReference; fileEncoding = 4; lastKnownFileType = sourcecode.c.h; path = Sequence.h; sourceTree = "<group>"; };
		211AB3CE11B8098D00B41C09 /* Sequence.m */ = {isa = PBXFileReference; fileEncoding = 4; lastKnownFileType = sourcecode.c.objc; path = Sequence.m; sourceTree = "<group>"; };
		211AB3CF11B8098D00B41C09 /* Sequencer.h */ = {isa = PBXFileReference; fileEncoding = 4; lastKnownFileType = sourcecode.c.h; path = Sequencer.h; sourceTree = "<group>"; };
		211AB3D011B8098D00B41C09 /* Sequencer.m */ = {isa = PBXFileReference; fileEncoding = 4; lastKnownFileType = sourcecode.c.objc; path = Sequencer.m; sourceTree = "<group>"; };
		211AB3D111B8098D00B41C09 /* TouchView.h */ = {isa = PBXFileReference; fileEncoding = 4; lastKnownFileType = sourcecode.c.h; path = TouchView.h; sourceTree = "<group>"; };
		211AB3D211B8098D00B41C09 /* TouchView.m */ = {isa = PBXFileReference; fileEncoding = 4; lastKnownFileType = sourcecode.c.objc; path = TouchView.m; sourceTree = "<group>"; };
		211AB3D311B8098D00B41C09 /* WaveFormTable.h */ = {isa = PBXFileReference; fileEncoding = 4; lastKnownFileType = sourcecode.c.h; path = WaveFormTable.h; sourceTree = "<group>"; };
		211AB3D411B8098D00B41C09 /* WaveFormTable.m */ = {isa = PBXFileReference; fileEncoding = 4; lastKnownFileType = sourcecode.c.objc; path = WaveFormTable.m; sourceTree = "<group>"; };
		212888C611D96E5600A2EB6B /* MInC_Prefix.pch */ = {isa = PBXFileReference; fileEncoding = 4; lastKnownFileType = sourcecode.c.h; path = MInC_Prefix.pch; sourceTree = "<group>"; };
		2162021A11B396E000E93E07 /* AudioToolbox.framework */ = {isa = PBXFileReference; lastKnownFileType = wrapper.framework; name = AudioToolbox.framework; path = /System/Library/Frameworks/AudioToolbox.framework; sourceTree = "<absolute>"; };
		2195D37311B6B6C3002E46FD /* SoundFile.h */ = {isa = PBXFileReference; fileEncoding = 4; lastKnownFileType = sourcecode.c.h; path = SoundFile.h; sourceTree = "<group>"; };
		2195D37411B6B6C3002E46FD /* SoundFile.m */ = {isa = PBXFileReference; fileEncoding = 4; lastKnownFileType = sourcecode.c.objc; path = SoundFile.m; sourceTree = "<group>"; };
		21B8AC9511B4208200C88C2D /* SecondView.h */ = {isa = PBXFileReference; fileEncoding = 4; lastKnownFileType = sourcecode.c.h; path = SecondView.h; sourceTree = "<group>"; };
		21B8AC9611B4208200C88C2D /* SecondView.m */ = {isa = PBXFileReference; fileEncoding = 4; lastKnownFileType = sourcecode.c.objc; path = SecondView.m; sourceTree = "<group>"; };
		21D9F8CB11DA45E600D2C266 /* InCCover.jpg */ = {isa = PBXFileReference; lastKnownFileType = image.jpeg; name = InCCover.jpg; path = Images/InCCover.jpg; sourceTree = "<group>"; };
		21D9F8CC11DA45E600D2C266 /* InC04.jpg */ = {isa = PBXFileReference; lastKnownFileType = image.jpeg; name = InC04.jpg; path = Images/InC04.jpg; sourceTree = "<group>"; };
		21D9F8CD11DA45E600D2C266 /* InC05.jpg */ = {isa = PBXFileReference; lastKnownFileType = image.jpeg; name = InC05.jpg; path = Images/InC05.jpg; sourceTree = "<group>"; };
		21D9F8CE11DA45E600D2C266 /* InC02.jpg */ = {isa = PBXFileReference; lastKnownFileType = image.jpeg; name = InC02.jpg; path = Images/InC02.jpg; sourceTree = "<group>"; };
		21D9F8CF11DA45E600D2C266 /* InC03.jpg */ = {isa = PBXFileReference; lastKnownFileType = image.jpeg; name = InC03.jpg; path = Images/InC03.jpg; sourceTree = "<group>"; };
		21D9F8D011DA45E600D2C266 /* InC01.jpg */ = {isa = PBXFileReference; lastKnownFileType = image.jpeg; name = InC01.jpg; path = Images/InC01.jpg; sourceTree = "<group>"; };
		21D9F8D111DA45E600D2C266 /* InC06.jpg */ = {isa = PBXFileReference; lastKnownFileType = image.jpeg; name = InC06.jpg; path = Images/InC06.jpg; sourceTree = "<group>"; };
		28216C950DB411BC00E5133A /* FirstViewController.h */ = {isa = PBXFileReference; fileEncoding = 4; lastKnownFileType = sourcecode.c.h; path = FirstViewController.h; sourceTree = "<group>"; };
		28216C960DB411BC00E5133A /* FirstViewController.m */ = {isa = PBXFileReference; fileEncoding = 4; lastKnownFileType = sourcecode.c.objc; path = FirstViewController.m; sourceTree = "<group>"; };
		282CCBFD0DB6C98000C4EA27 /* SecondView.xib */ = {isa = PBXFileReference; lastKnownFileType = file.xib; path = SecondView.xib; sourceTree = "<group>"; };
		288765070DF74369002DB57D /* CoreGraphics.framework */ = {isa = PBXFileReference; lastKnownFileType = wrapper.framework; name = CoreGraphics.framework; path = System/Library/Frameworks/CoreGraphics.framework; sourceTree = SDKROOT; };
		28AD73870D9D96C1002E5188 /* MainWindow.xib */ = {isa = PBXFileReference; lastKnownFileType = file.xib; path = MainWindow.xib; sourceTree = "<group>"; };
		29B97316FDCFA39411CA2CEA /* main.m */ = {isa = PBXFileReference; fileEncoding = 4; lastKnownFileType = sourcecode.c.objc; path = main.m; sourceTree = "<group>"; };
/* End PBXFileReference section */

/* Begin PBXFrameworksBuildPhase section */
		1D60588F0D05DD3D006BFB54 /* Frameworks */ = {
			isa = PBXFrameworksBuildPhase;
			buildActionMask = 2147483647;
			files = (
				1D60589F0D05DD5A006BFB54 /* Foundation.framework in Frameworks */,
				1DF5F4E00D08C38300B7A737 /* UIKit.framework in Frameworks */,
				288765080DF74369002DB57D /* CoreGraphics.framework in Frameworks */,
				2162021B11B396E000E93E07 /* AudioToolbox.framework in Frameworks */,
			);
			runOnlyForDeploymentPostprocessing = 0;
		};
/* End PBXFrameworksBuildPhase section */

/* Begin PBXGroup section */
		080E96DDFE201D6D7F000001 /* Classes */ = {
			isa = PBXGroup;
			children = (
				211AB3C611B8098D00B41C09 /* ADSR.h */,
				211AB3C711B8098D00B41C09 /* ADSR.m */,
				211AB3C811B8098D00B41C09 /* AQPlayer.h */,
				211AB3C911B8098D00B41C09 /* AQPlayer.m */,
				211AB3CA11B8098D00B41C09 /* Content.h */,
				211AB3CB11B8098D00B41C09 /* Note.h */,
				211AB3CC11B8098D00B41C09 /* Note.m */,
				211AB3CD11B8098D00B41C09 /* Sequence.h */,
				211AB3CE11B8098D00B41C09 /* Sequence.m */,
				211AB3CF11B8098D00B41C09 /* Sequencer.h */,
				211AB3D011B8098D00B41C09 /* Sequencer.m */,
				211AB3D111B8098D00B41C09 /* TouchView.h */,
				211AB3D211B8098D00B41C09 /* TouchView.m */,
				211AB3D311B8098D00B41C09 /* WaveFormTable.h */,
				211AB3D411B8098D00B41C09 /* WaveFormTable.m */,
				2195D37311B6B6C3002E46FD /* SoundFile.h */,
				2195D37411B6B6C3002E46FD /* SoundFile.m */,
				28216C950DB411BC00E5133A /* FirstViewController.h */,
				28216C960DB411BC00E5133A /* FirstViewController.m */,
				1D3623240D0F684500981E51 /* MInCAppDelegate.h */,
				1D3623250D0F684500981E51 /* MInCAppDelegate.m */,
				21B8AC9511B4208200C88C2D /* SecondView.h */,
				21B8AC9611B4208200C88C2D /* SecondView.m */,
			);
			path = Classes;
			sourceTree = "<group>";
		};
		19C28FACFE9D520D11CA2CBB /* Products */ = {
			isa = PBXGroup;
			children = (
				1D6058910D05DD3D006BFB54 /* MInC.app */,
			);
			name = Products;
			sourceTree = "<group>";
		};
		29B97314FDCFA39411CA2CEA /* ioo */ = {
			isa = PBXGroup;
			children = (
				080E96DDFE201D6D7F000001 /* Classes */,
				29B97315FDCFA39411CA2CEA /* Other Sources */,
				29B97317FDCFA39411CA2CEA /* Resources */,
				29B97323FDCFA39411CA2CEA /* Frameworks */,
				19C28FACFE9D520D11CA2CBB /* Products */,
			);
			name = ioo;
			sourceTree = "<group>";
		};
		29B97315FDCFA39411CA2CEA /* Other Sources */ = {
			isa = PBXGroup;
			children = (
				212888C611D96E5600A2EB6B /* MInC_Prefix.pch */,
				29B97316FDCFA39411CA2CEA /* main.m */,
			);
			name = "Other Sources";
			sourceTree = "<group>";
		};
		29B97317FDCFA39411CA2CEA /* Resources */ = {
			isa = PBXGroup;
			children = (
				21D9F8CB11DA45E600D2C266 /* InCCover.jpg */,
				21D9F8CC11DA45E600D2C266 /* InC04.jpg */,
				21D9F8CD11DA45E600D2C266 /* InC05.jpg */,
				21D9F8CE11DA45E600D2C266 /* InC02.jpg */,
				21D9F8CF11DA45E600D2C266 /* InC03.jpg */,
				21D9F8D011DA45E600D2C266 /* InC01.jpg */,
				21D9F8D111DA45E600D2C266 /* InC06.jpg */,
				28AD73870D9D96C1002E5188 /* MainWindow.xib */,
				282CCBFD0DB6C98000C4EA27 /* SecondView.xib */,
			);
			name = Resources;
			sourceTree = "<group>";
		};
		29B97323FDCFA39411CA2CEA /* Frameworks */ = {
			isa = PBXGroup;
			children = (
				2162021A11B396E000E93E07 /* AudioToolbox.framework */,
				1DF5F4DF0D08C38300B7A737 /* UIKit.framework */,
				1D30AB110D05D00D00671497 /* Foundation.framework */,
				288765070DF74369002DB57D /* CoreGraphics.framework */,
			);
			name = Frameworks;
			sourceTree = "<group>";
		};
/* End PBXGroup section */

/* Begin PBXNativeTarget section */
		1D6058900D05DD3D006BFB54 /* MInC */ = {
			isa = PBXNativeTarget;
			buildConfigurationList = 1D6058960D05DD3E006BFB54 /* Build configuration list for PBXNativeTarget "MInC" */;
			buildPhases = (
				1D60588D0D05DD3D006BFB54 /* Resources */,
				1D60588E0D05DD3D006BFB54 /* Sources */,
				1D60588F0D05DD3D006BFB54 /* Frameworks */,
			);
			buildRules = (
			);
			dependencies = (
			);
			name = MInC;
			productName = ioo;
			productReference = 1D6058910D05DD3D006BFB54 /* MInC.app */;
			productType = "com.apple.product-type.application";
		};
/* End PBXNativeTarget section */

/* Begin PBXProject section */
		29B97313FDCFA39411CA2CEA /* Project object */ = {
			isa = PBXProject;
			buildConfigurationList = C01FCF4E08A954540054247B /* Build configuration list for PBXProject "MInC" */;
			compatibilityVersion = "Xcode 3.2";
			developmentRegion = English;
			hasScannedForEncodings = 1;
			knownRegions = (
				English,
				Japanese,
				French,
				German,
			);
			mainGroup = 29B97314FDCFA39411CA2CEA /* ioo */;
			projectDirPath = "";
			projectRoot = "";
			targets = (
				1D6058900D05DD3D006BFB54 /* MInC */,
			);
		};
/* End PBXProject section */

/* Begin PBXResourcesBuildPhase section */
		1D60588D0D05DD3D006BFB54 /* Resources */ = {
			isa = PBXResourcesBuildPhase;
			buildActionMask = 2147483647;
			files = (
				28AD73880D9D96C1002E5188 /* MainWindow.xib in Resources */,
				282CCBFE0DB6C98000C4EA27 /* SecondView.xib in Resources */,
				21D9F8D211DA45E600D2C266 /* InCCover.jpg in Resources */,
				21D9F8D311DA45E600D2C266 /* InC04.jpg in Resources */,
				21D9F8D411DA45E600D2C266 /* InC05.jpg in Resources */,
				21D9F8D511DA45E600D2C266 /* InC02.jpg in Resources */,
				21D9F8D611DA45E600D2C266 /* InC03.jpg in Resources */,
				21D9F8D711DA45E600D2C266 /* InC01.jpg in Resources */,
				21D9F8D811DA45E600D2C266 /* InC06.jpg in Resources */,
			);
			runOnlyForDeploymentPostprocessing = 0;
		};
/* End PBXResourcesBuildPhase section */

/* Begin PBXSourcesBuildPhase section */
		1D60588E0D05DD3D006BFB54 /* Sources */ = {
			isa = PBXSourcesBuildPhase;
			buildActionMask = 2147483647;
			files = (
				1D60589B0D05DD56006BFB54 /* main.m in Sources */,
				1D3623260D0F684500981E51 /* MInCAppDelegate.m in Sources */,
				28216C970DB411BC00E5133A /* FirstViewController.m in Sources */,
				21B8AC9711B4208200C88C2D /* SecondView.m in Sources */,
				2195D37511B6B6C3002E46FD /* SoundFile.m in Sources */,
				211AB3D511B8098D00B41C09 /* ADSR.m in Sources */,
				211AB3D611B8098D00B41C09 /* AQPlayer.m in Sources */,
				211AB3D711B8098D00B41C09 /* Note.m in Sources */,
				211AB3D811B8098D00B41C09 /* Sequence.m in Sources */,
				211AB3D911B8098D00B41C09 /* Sequencer.m in Sources */,
				211AB3DA11B8098D00B41C09 /* TouchView.m in Sources */,
				211AB3DB11B8098D00B41C09 /* WaveFormTable.m in Sources */,
			);
			runOnlyForDeploymentPostprocessing = 0;
		};
/* End PBXSourcesBuildPhase section */

/* Begin XCBuildConfiguration section */
		1D6058940D05DD3E006BFB54 /* Debug */ = {
			isa = XCBuildConfiguration;
			buildSettings = {
				ALWAYS_SEARCH_USER_PATHS = NO;
				COPY_PHASE_STRIP = NO;
				GCC_DYNAMIC_NO_PIC = NO;
				GCC_OPTIMIZATION_LEVEL = 0;
				GCC_PRECOMPILE_PREFIX_HEADER = YES;
				GCC_PREFIX_HEADER = MInC_Prefix.pch;
				INFOPLIST_FILE = "MInC-Info.plist";
				PRODUCT_NAME = MInC;
			};
			name = Debug;
		};
		1D6058950D05DD3E006BFB54 /* Release */ = {
			isa = XCBuildConfiguration;
			buildSettings = {
				ALWAYS_SEARCH_USER_PATHS = NO;
				COPY_PHASE_STRIP = YES;
				GCC_PRECOMPILE_PREFIX_HEADER = YES;
				GCC_PREFIX_HEADER = MInC_Prefix.pch;
				INFOPLIST_FILE = "MInC-Info.plist";
				PRODUCT_NAME = MInC;
			};
			name = Release;
		};
		C01FCF4F08A954540054247B /* Debug */ = {
			isa = XCBuildConfiguration;
			buildSettings = {
				ARCHS = "$(ARCHS_STANDARD_32_BIT)";
				"CODE_SIGN_IDENTITY[sdk=iphoneos*]" = "iPhone Developer";
				GCC_C_LANGUAGE_STANDARD = c99;
				GCC_WARN_ABOUT_RETURN_TYPE = YES;
				GCC_WARN_UNUSED_VARIABLE = YES;
				PREBINDING = NO;
				SDKROOT = iphoneos;
			};
			name = Debug;
		};
		C01FCF5008A954540054247B /* Release */ = {
			isa = XCBuildConfiguration;
			buildSettings = {
				ARCHS = "$(ARCHS_STANDARD_32_BIT)";
				"CODE_SIGN_IDENTITY[sdk=iphoneos*]" = "iPhone Developer";
				GCC_C_LANGUAGE_STANDARD = c99;
				GCC_WARN_ABOUT_RETURN_TYPE = YES;
				GCC_WARN_UNUSED_VARIABLE = YES;
				PREBINDING = NO;
				SDKROOT = iphoneos;
			};
			name = Release;
		};
/* End XCBuildConfiguration section */

/* Begin XCConfigurationList section */
		1D6058960D05DD3E006BFB54 /* Build configuration list for PBXNativeTarget "MInC" */ = {
			isa = XCConfigurationList;
			buildConfigurations = (
				1D6058940D05DD3E006BFB54 /* Debug */,
				1D6058950D05DD3E006BFB54 /* Release */,
			);
			defaultConfigurationIsVisible = 0;
			defaultConfigurationName = Release;
		};
		C01FCF4E08A954540054247B /* Build configuration list for PBXProject "MInC" */ = {
			isa = XCConfigurationList;
			buildConfigurations = (
				C01FCF4F08A954540054247B /* Debug */,
				C01FCF5008A954540054247B /* Release */,
			);
			defaultConfigurationIsVisible = 0;
			defaultConfigurationName = Release;
		};
/* End XCConfigurationList section */
	};
	rootObject = 29B97313FDCFA39411CA2CEA /* Project object */;
}
