// !$*UTF8*$!
{
	archiveVersion = 1;
	classes = {
	};
	objectVersion = 46;
	objects = {

/* Begin PBXBuildFile section */
		1D3623260D0F684500981E51 /* ThumbafonAppDelegate.m in Sources */ = {isa = PBXBuildFile; fileRef = 1D3623250D0F684500981E51 /* ThumbafonAppDelegate.m */; };
		1D60589B0D05DD56006BFB54 /* main.m in Sources */ = {isa = PBXBuildFile; fileRef = 29B97316FDCFA39411CA2CEA /* main.m */; };
		1D60589F0D05DD5A006BFB54 /* Foundation.framework in Frameworks */ = {isa = PBXBuildFile; fileRef = 1D30AB110D05D00D00671497 /* Foundation.framework */; };
		1DF5F4E00D08C38300B7A737 /* UIKit.framework in Frameworks */ = {isa = PBXBuildFile; fileRef = 1DF5F4DF0D08C38300B7A737 /* UIKit.framework */; };
		280E754D0DD40C5E005A515E /* FlipsideView.xib in Resources */ = {isa = PBXBuildFile; fileRef = 280E754A0DD40C5E005A515E /* FlipsideView.xib */; };
		280E754E0DD40C5E005A515E /* MainView.xib in Resources */ = {isa = PBXBuildFile; fileRef = 280E754B0DD40C5E005A515E /* MainView.xib */; };
		288765590DF743DE002DB57D /* CoreGraphics.framework in Frameworks */ = {isa = PBXBuildFile; fileRef = 288765580DF743DE002DB57D /* CoreGraphics.framework */; };
		289233AE0DB2D0DB0083E9F9 /* MainViewController.m in Sources */ = {isa = PBXBuildFile; fileRef = 289233A90DB2D0DB0083E9F9 /* MainViewController.m */; };
		289233B00DB2D0DB0083E9F9 /* FlipsideViewController.m in Sources */ = {isa = PBXBuildFile; fileRef = 289233AD0DB2D0DB0083E9F9 /* FlipsideViewController.m */; };
		B41FD68A1315937A00F3781F /* SystemConfiguration.framework in Frameworks */ = {isa = PBXBuildFile; fileRef = B41FD6891315937A00F3781F /* SystemConfiguration.framework */; };
		B427AC3A12CADC0F00EDDE3D /* ButtonView.m in Sources */ = {isa = PBXBuildFile; fileRef = B427AC3912CADC0F00EDDE3D /* ButtonView.m */; };
		B4653FDE127E66CC00DA1F26 /* AudioToolbox.framework in Frameworks */ = {isa = PBXBuildFile; fileRef = B4653FDD127E66CC00DA1F26 /* AudioToolbox.framework */; };
		B46C420312860417002E1B34 /* AQPlayer.m in Sources */ = {isa = PBXBuildFile; fileRef = B46C420012860417002E1B34 /* AQPlayer.m */; };
		B46E62181315945F00DBE4FB /* Reachability.m in Sources */ = {isa = PBXBuildFile; fileRef = B46E62171315945F00DBE4FB /* Reachability.m */; };
		B476B490130F9BDB0004427F /* BlankInfoScreen.png in Resources */ = {isa = PBXBuildFile; fileRef = B476B48F130F9BDB0004427F /* BlankInfoScreen.png */; };
		B49076C2130E2DC70098E195 /* MessageView.m in Sources */ = {isa = PBXBuildFile; fileRef = B49076C1130E2DC70098E195 /* MessageView.m */; };
		B492984012F62A62004DA4E6 /* AQSynth.m in Sources */ = {isa = PBXBuildFile; fileRef = B492983F12F62A62004DA4E6 /* AQSynth.m */; };
		B492984B12F62BA0004DA4E6 /* Voice.m in Sources */ = {isa = PBXBuildFile; fileRef = B492984A12F62BA0004DA4E6 /* Voice.m */; };
		B492985112F62BEF004DA4E6 /* VoiceSynth.m in Sources */ = {isa = PBXBuildFile; fileRef = B492985012F62BEF004DA4E6 /* VoiceSynth.m */; };
		B4A4813413136A120071AA28 /* 1_Land.png in Resources */ = {isa = PBXBuildFile; fileRef = B4A4812813136A120071AA28 /* 1_Land.png */; };
		B4A4813513136A120071AA28 /* 1_Port.png in Resources */ = {isa = PBXBuildFile; fileRef = B4A4812913136A120071AA28 /* 1_Port.png */; };
		B4A4813613136A120071AA28 /* 2_Land.png in Resources */ = {isa = PBXBuildFile; fileRef = B4A4812A13136A120071AA28 /* 2_Land.png */; };
		B4A4813713136A120071AA28 /* 2_Port.png in Resources */ = {isa = PBXBuildFile; fileRef = B4A4812B13136A120071AA28 /* 2_Port.png */; };
		B4A4813813136A120071AA28 /* 3_Land.png in Resources */ = {isa = PBXBuildFile; fileRef = B4A4812C13136A120071AA28 /* 3_Land.png */; };
		B4A4813913136A120071AA28 /* 3_Port.png in Resources */ = {isa = PBXBuildFile; fileRef = B4A4812D13136A120071AA28 /* 3_Port.png */; };
		B4A4813A13136A120071AA28 /* Big1_Land.png in Resources */ = {isa = PBXBuildFile; fileRef = B4A4812E13136A120071AA28 /* Big1_Land.png */; };
		B4A4813B13136A120071AA28 /* Big1_Port.png in Resources */ = {isa = PBXBuildFile; fileRef = B4A4812F13136A120071AA28 /* Big1_Port.png */; };
		B4A4813C13136A120071AA28 /* Big2_Land.png in Resources */ = {isa = PBXBuildFile; fileRef = B4A4813013136A120071AA28 /* Big2_Land.png */; };
		B4A4813D13136A120071AA28 /* Big2_Port.png in Resources */ = {isa = PBXBuildFile; fileRef = B4A4813113136A120071AA28 /* Big2_Port.png */; };
		B4A4813E13136A120071AA28 /* Big3_Land.png in Resources */ = {isa = PBXBuildFile; fileRef = B4A4813213136A120071AA28 /* Big3_Land.png */; };
		B4A4813F13136A120071AA28 /* Big3_Port.png in Resources */ = {isa = PBXBuildFile; fileRef = B4A4813313136A120071AA28 /* Big3_Port.png */; };
		B4B7FB00131340A20096C5D1 /* Default@2x.png in Resources */ = {isa = PBXBuildFile; fileRef = B4B7FAFF131340A20096C5D1 /* Default@2x.png */; };
		B4B7FB0D131345E70096C5D1 /* Icon@2x.png in Resources */ = {isa = PBXBuildFile; fileRef = B4B7FB0B131345E70096C5D1 /* Icon@2x.png */; };
		B4B7FB0E131345E70096C5D1 /* iTunesArtwork.png in Resources */ = {isa = PBXBuildFile; fileRef = B4B7FB0C131345E70096C5D1 /* iTunesArtwork.png */; };
		B4B7FB11131346FF0096C5D1 /* Icon-Small.png in Resources */ = {isa = PBXBuildFile; fileRef = B4B7FB0F131346FF0096C5D1 /* Icon-Small.png */; };
		B4B7FB12131346FF0096C5D1 /* Icon-Small@2x.png in Resources */ = {isa = PBXBuildFile; fileRef = B4B7FB10131346FF0096C5D1 /* Icon-Small@2x.png */; };
		B4BE1CB712EE479D0085248E /* MoreInfoViewController.m in Sources */ = {isa = PBXBuildFile; fileRef = B4BE1CB512EE479D0085248E /* MoreInfoViewController.m */; };
		B4C03E1012C5A2780037E3B5 /* MainWindow.xib in Resources */ = {isa = PBXBuildFile; fileRef = 280E754C0DD40C5E005A515E /* MainWindow.xib */; };
		B4C1234112C945570017918B /* CLSlipperyButton.m in Sources */ = {isa = PBXBuildFile; fileRef = B4C1234012C945570017918B /* CLSlipperyButton.m */; };
		B4C15B3612BC301E00A56C77 /* aqua1.png in Resources */ = {isa = PBXBuildFile; fileRef = B4C15B2E12BC301E00A56C77 /* aqua1.png */; };
		B4C15B3712BC301E00A56C77 /* blue1.png in Resources */ = {isa = PBXBuildFile; fileRef = B4C15B2F12BC301E00A56C77 /* blue1.png */; };
		B4C15B3812BC301E00A56C77 /* yellow1.png in Resources */ = {isa = PBXBuildFile; fileRef = B4C15B3012BC301E00A56C77 /* yellow1.png */; };
		B4C15B3912BC301E00A56C77 /* green1.png in Resources */ = {isa = PBXBuildFile; fileRef = B4C15B3112BC301E00A56C77 /* green1.png */; };
		B4C15B3A12BC301E00A56C77 /* pink1.png in Resources */ = {isa = PBXBuildFile; fileRef = B4C15B3212BC301E00A56C77 /* pink1.png */; };
		B4C15B3B12BC301E00A56C77 /* purple1.png in Resources */ = {isa = PBXBuildFile; fileRef = B4C15B3312BC301E00A56C77 /* purple1.png */; };
		B4C15B3C12BC301E00A56C77 /* red1.png in Resources */ = {isa = PBXBuildFile; fileRef = B4C15B3412BC301E00A56C77 /* red1.png */; };
		B4C15B3D12BC301E00A56C77 /* seafoam1.png in Resources */ = {isa = PBXBuildFile; fileRef = B4C15B3512BC301E00A56C77 /* seafoam1.png */; };
		B4C15B4312BC392400A56C77 /* aqua2.png in Resources */ = {isa = PBXBuildFile; fileRef = B4C15B3F12BC392400A56C77 /* aqua2.png */; };
		B4C15B4412BC392400A56C77 /* seafoam2.png in Resources */ = {isa = PBXBuildFile; fileRef = B4C15B4012BC392400A56C77 /* seafoam2.png */; };
		B4C15B4512BC392400A56C77 /* green2.png in Resources */ = {isa = PBXBuildFile; fileRef = B4C15B4112BC392400A56C77 /* green2.png */; };
		B4C15B4612BC392400A56C77 /* yellow2.png in Resources */ = {isa = PBXBuildFile; fileRef = B4C15B4212BC392400A56C77 /* yellow2.png */; };
		B4C15B5412BC44A300A56C77 /* blue2.png in Resources */ = {isa = PBXBuildFile; fileRef = B4C15B5312BC44A300A56C77 /* blue2.png */; };
		B4C15B5B12BC470900A56C77 /* pink2.png in Resources */ = {isa = PBXBuildFile; fileRef = B4C15B5812BC470900A56C77 /* pink2.png */; };
		B4C15B5C12BC470900A56C77 /* purple2.png in Resources */ = {isa = PBXBuildFile; fileRef = B4C15B5912BC470900A56C77 /* purple2.png */; };
		B4C15B5D12BC470900A56C77 /* red2.png in Resources */ = {isa = PBXBuildFile; fileRef = B4C15B5A12BC470900A56C77 /* red2.png */; };
		B4C15B6912BC533600A56C77 /* Icon.png in Resources */ = {isa = PBXBuildFile; fileRef = B4C15B6812BC533600A56C77 /* Icon.png */; };
		B4CD4A2812FD27AF00DCB1BA /* Networking.m in Sources */ = {isa = PBXBuildFile; fileRef = B4CD4A2712FD27AF00DCB1BA /* Networking.m */; };
		B4CF628112FCD25A00AA82BB /* AQSound.m in Sources */ = {isa = PBXBuildFile; fileRef = B4CF628012FCD25A00AA82BB /* AQSound.m */; };
		B4CF628C12FCD3AB00AA82BB /* MoreInfoView.xib in Resources */ = {isa = PBXBuildFile; fileRef = B4CF628B12FCD3AB00AA82BB /* MoreInfoView.xib */; };
		B4CF630312FCDA3700AA82BB /* SawBrass.m in Sources */ = {isa = PBXBuildFile; fileRef = B4CF630212FCDA3700AA82BB /* SawBrass.m */; };
		B4CF630812FCDA5600AA82BB /* SinePiano.m in Sources */ = {isa = PBXBuildFile; fileRef = B4CF630712FCDA5600AA82BB /* SinePiano.m */; };
		B4CF630C12FCDC8E00AA82BB /* PulseOrgan.m in Sources */ = {isa = PBXBuildFile; fileRef = B4CF630B12FCDC8E00AA82BB /* PulseOrgan.m */; };
		B4CF630F12FCDCA100AA82BB /* SquareStrings.m in Sources */ = {isa = PBXBuildFile; fileRef = B4CF630E12FCDCA100AA82BB /* SquareStrings.m */; };
		B4CF631212FCDCB600AA82BB /* TriangleFlute.m in Sources */ = {isa = PBXBuildFile; fileRef = B4CF631112FCDCB600AA82BB /* TriangleFlute.m */; };
		B4CF64E312FCF68500AA82BB /* allpass.c in Sources */ = {isa = PBXBuildFile; fileRef = B4CF64D912FCF68500AA82BB /* allpass.c */; };
		B4CF64E412FCF68500AA82BB /* comb.c in Sources */ = {isa = PBXBuildFile; fileRef = B4CF64DB12FCF68500AA82BB /* comb.c */; };
		B4CF64E512FCF68500AA82BB /* freeverb.c in Sources */ = {isa = PBXBuildFile; fileRef = B4CF64DE12FCF68500AA82BB /* freeverb.c */; };
		B4CF64E612FCF68500AA82BB /* revmodel.c in Sources */ = {isa = PBXBuildFile; fileRef = B4CF64E012FCF68500AA82BB /* revmodel.c */; };
		B4E5D7C6131304AB00D8EE67 /* Default.png in Resources */ = {isa = PBXBuildFile; fileRef = B4E5D7C5131304AB00D8EE67 /* Default.png */; };
		B4F6F5991291FF30008BB207 /* Mode.m in Sources */ = {isa = PBXBuildFile; fileRef = B4F6F5981291FF30008BB207 /* Mode.m */; };
/* End PBXBuildFile section */

/* Begin PBXFileReference section */
		1D30AB110D05D00D00671497 /* Foundation.framework */ = {isa = PBXFileReference; lastKnownFileType = wrapper.framework; name = Foundation.framework; path = System/Library/Frameworks/Foundation.framework; sourceTree = SDKROOT; };
		1D3623240D0F684500981E51 /* ThumbafonAppDelegate.h */ = {isa = PBXFileReference; fileEncoding = 4; lastKnownFileType = sourcecode.c.h; name = ThumbafonAppDelegate.h; path = Classes/ThumbafonAppDelegate.h; sourceTree = "<group>"; };
		1D3623250D0F684500981E51 /* ThumbafonAppDelegate.m */ = {isa = PBXFileReference; fileEncoding = 4; lastKnownFileType = sourcecode.c.objc; name = ThumbafonAppDelegate.m; path = Classes/ThumbafonAppDelegate.m; sourceTree = "<group>"; };
		1DF5F4DF0D08C38300B7A737 /* UIKit.framework */ = {isa = PBXFileReference; lastKnownFileType = wrapper.framework; name = UIKit.framework; path = System/Library/Frameworks/UIKit.framework; sourceTree = SDKROOT; };
		280E754A0DD40C5E005A515E /* FlipsideView.xib */ = {isa = PBXFileReference; lastKnownFileType = file.xib; path = FlipsideView.xib; sourceTree = "<group>"; };
		280E754B0DD40C5E005A515E /* MainView.xib */ = {isa = PBXFileReference; lastKnownFileType = file.xib; path = MainView.xib; sourceTree = "<group>"; };
		280E754C0DD40C5E005A515E /* MainWindow.xib */ = {isa = PBXFileReference; lastKnownFileType = file.xib; path = MainWindow.xib; sourceTree = "<group>"; };
		288765580DF743DE002DB57D /* CoreGraphics.framework */ = {isa = PBXFileReference; lastKnownFileType = wrapper.framework; name = CoreGraphics.framework; path = System/Library/Frameworks/CoreGraphics.framework; sourceTree = SDKROOT; };
		289233A80DB2D0DB0083E9F9 /* MainViewController.h */ = {isa = PBXFileReference; fileEncoding = 4; lastKnownFileType = sourcecode.c.h; name = MainViewController.h; path = Classes/MainViewController.h; sourceTree = "<group>"; };
		289233A90DB2D0DB0083E9F9 /* MainViewController.m */ = {isa = PBXFileReference; fileEncoding = 4; lastKnownFileType = sourcecode.c.objc; name = MainViewController.m; path = Classes/MainViewController.m; sourceTree = "<group>"; };
		289233AC0DB2D0DB0083E9F9 /* FlipsideViewController.h */ = {isa = PBXFileReference; fileEncoding = 4; lastKnownFileType = sourcecode.c.h; name = FlipsideViewController.h; path = Classes/FlipsideViewController.h; sourceTree = "<group>"; };
		289233AD0DB2D0DB0083E9F9 /* FlipsideViewController.m */ = {isa = PBXFileReference; fileEncoding = 4; lastKnownFileType = sourcecode.c.objc; name = FlipsideViewController.m; path = Classes/FlipsideViewController.m; sourceTree = "<group>"; };
		29B97316FDCFA39411CA2CEA /* main.m */ = {isa = PBXFileReference; fileEncoding = 4; lastKnownFileType = sourcecode.c.objc; path = main.m; sourceTree = "<group>"; };
		32CA4F630368D1EE00C91783 /* Thumbafon_Prefix.pch */ = {isa = PBXFileReference; fileEncoding = 4; lastKnownFileType = sourcecode.c.h; path = Thumbafon_Prefix.pch; sourceTree = "<group>"; };
		8D1107310486CEB800E47090 /* Thumbafon-Info.plist */ = {isa = PBXFileReference; fileEncoding = 4; lastKnownFileType = text.plist.xml; path = "Thumbafon-Info.plist"; plistStructureDefinitionIdentifier = "com.apple.xcode.plist.structure-definition.iphone.info-plist"; sourceTree = "<group>"; };
		B41FD6891315937A00F3781F /* SystemConfiguration.framework */ = {isa = PBXFileReference; lastKnownFileType = wrapper.framework; name = SystemConfiguration.framework; path = System/Library/Frameworks/SystemConfiguration.framework; sourceTree = SDKROOT; };
		B427AC3812CADC0F00EDDE3D /* ButtonView.h */ = {isa = PBXFileReference; fileEncoding = 4; lastKnownFileType = sourcecode.c.h; name = ButtonView.h; path = Classes/ButtonView.h; sourceTree = "<group>"; };
		B427AC3912CADC0F00EDDE3D /* ButtonView.m */ = {isa = PBXFileReference; fileEncoding = 4; lastKnownFileType = sourcecode.c.objc; name = ButtonView.m; path = Classes/ButtonView.m; sourceTree = "<group>"; };
		B4653FDD127E66CC00DA1F26 /* AudioToolbox.framework */ = {isa = PBXFileReference; lastKnownFileType = wrapper.framework; name = AudioToolbox.framework; path = System/Library/Frameworks/AudioToolbox.framework; sourceTree = SDKROOT; };
		B46C41FF12860417002E1B34 /* AQPlayer.h */ = {isa = PBXFileReference; fileEncoding = 4; lastKnownFileType = sourcecode.c.h; name = AQPlayer.h; path = Classes/AQPlayer.h; sourceTree = "<group>"; };
		B46C420012860417002E1B34 /* AQPlayer.m */ = {isa = PBXFileReference; fileEncoding = 4; lastKnownFileType = sourcecode.c.objc; name = AQPlayer.m; path = Classes/AQPlayer.m; sourceTree = "<group>"; };
		B46E62161315945F00DBE4FB /* Reachability.h */ = {isa = PBXFileReference; fileEncoding = 4; lastKnownFileType = sourcecode.c.h; name = Reachability.h; path = Classes/Reachability.h; sourceTree = "<group>"; };
		B46E62171315945F00DBE4FB /* Reachability.m */ = {isa = PBXFileReference; fileEncoding = 4; lastKnownFileType = sourcecode.c.objc; name = Reachability.m; path = Classes/Reachability.m; sourceTree = "<group>"; };
		B47358DD131B222000FDF099 /* Thumbafon.app */ = {isa = PBXFileReference; explicitFileType = wrapper.application; includeInIndex = 0; path = Thumbafon.app; sourceTree = BUILT_PRODUCTS_DIR; };
		B476B48F130F9BDB0004427F /* BlankInfoScreen.png */ = {isa = PBXFileReference; lastKnownFileType = image.png; path = BlankInfoScreen.png; sourceTree = "<group>"; };
		B49076C0130E2DC70098E195 /* MessageView.h */ = {isa = PBXFileReference; fileEncoding = 4; lastKnownFileType = sourcecode.c.h; name = MessageView.h; path = Classes/MessageView.h; sourceTree = "<group>"; };
		B49076C1130E2DC70098E195 /* MessageView.m */ = {isa = PBXFileReference; fileEncoding = 4; lastKnownFileType = sourcecode.c.objc; name = MessageView.m; path = Classes/MessageView.m; sourceTree = "<group>"; };
		B492983E12F62A62004DA4E6 /* AQSynth.h */ = {isa = PBXFileReference; fileEncoding = 4; lastKnownFileType = sourcecode.c.h; name = AQSynth.h; path = Classes/AQSynth.h; sourceTree = "<group>"; };
		B492983F12F62A62004DA4E6 /* AQSynth.m */ = {isa = PBXFileReference; fileEncoding = 4; lastKnownFileType = sourcecode.c.objc; name = AQSynth.m; path = Classes/AQSynth.m; sourceTree = "<group>"; };
		B492984912F62BA0004DA4E6 /* Voice.h */ = {isa = PBXFileReference; fileEncoding = 4; lastKnownFileType = sourcecode.c.h; name = Voice.h; path = Classes/Voice.h; sourceTree = "<group>"; };
		B492984A12F62BA0004DA4E6 /* Voice.m */ = {isa = PBXFileReference; fileEncoding = 4; lastKnownFileType = sourcecode.c.objc; name = Voice.m; path = Classes/Voice.m; sourceTree = "<group>"; };
		B492984F12F62BEF004DA4E6 /* VoiceSynth.h */ = {isa = PBXFileReference; fileEncoding = 4; lastKnownFileType = sourcecode.c.h; name = VoiceSynth.h; path = Classes/VoiceSynth.h; sourceTree = "<group>"; };
		B492985012F62BEF004DA4E6 /* VoiceSynth.m */ = {isa = PBXFileReference; fileEncoding = 4; lastKnownFileType = sourcecode.c.objc; name = VoiceSynth.m; path = Classes/VoiceSynth.m; sourceTree = "<group>"; };
		B4A4812813136A120071AA28 /* 1_Land.png */ = {isa = PBXFileReference; lastKnownFileType = image.png; path = 1_Land.png; sourceTree = "<group>"; };
		B4A4812913136A120071AA28 /* 1_Port.png */ = {isa = PBXFileReference; lastKnownFileType = image.png; path = 1_Port.png; sourceTree = "<group>"; };
		B4A4812A13136A120071AA28 /* 2_Land.png */ = {isa = PBXFileReference; lastKnownFileType = image.png; path = 2_Land.png; sourceTree = "<group>"; };
		B4A4812B13136A120071AA28 /* 2_Port.png */ = {isa = PBXFileReference; lastKnownFileType = image.png; path = 2_Port.png; sourceTree = "<group>"; };
		B4A4812C13136A120071AA28 /* 3_Land.png */ = {isa = PBXFileReference; lastKnownFileType = image.png; path = 3_Land.png; sourceTree = "<group>"; };
		B4A4812D13136A120071AA28 /* 3_Port.png */ = {isa = PBXFileReference; lastKnownFileType = image.png; path = 3_Port.png; sourceTree = "<group>"; };
		B4A4812E13136A120071AA28 /* Big1_Land.png */ = {isa = PBXFileReference; lastKnownFileType = image.png; path = Big1_Land.png; sourceTree = "<group>"; };
		B4A4812F13136A120071AA28 /* Big1_Port.png */ = {isa = PBXFileReference; lastKnownFileType = image.png; path = Big1_Port.png; sourceTree = "<group>"; };
		B4A4813013136A120071AA28 /* Big2_Land.png */ = {isa = PBXFileReference; lastKnownFileType = image.png; path = Big2_Land.png; sourceTree = "<group>"; };
		B4A4813113136A120071AA28 /* Big2_Port.png */ = {isa = PBXFileReference; lastKnownFileType = image.png; path = Big2_Port.png; sourceTree = "<group>"; };
		B4A4813213136A120071AA28 /* Big3_Land.png */ = {isa = PBXFileReference; lastKnownFileType = image.png; path = Big3_Land.png; sourceTree = "<group>"; };
		B4A4813313136A120071AA28 /* Big3_Port.png */ = {isa = PBXFileReference; lastKnownFileType = image.png; path = Big3_Port.png; sourceTree = "<group>"; };
		B4B7FAFF131340A20096C5D1 /* Default@2x.png */ = {isa = PBXFileReference; lastKnownFileType = image.png; path = "Default@2x.png"; sourceTree = "<group>"; };
		B4B7FB0B131345E70096C5D1 /* Icon@2x.png */ = {isa = PBXFileReference; lastKnownFileType = image.png; path = "Icon@2x.png"; sourceTree = "<group>"; };
		B4B7FB0C131345E70096C5D1 /* iTunesArtwork.png */ = {isa = PBXFileReference; lastKnownFileType = image.png; path = iTunesArtwork.png; sourceTree = "<group>"; };
		B4B7FB0F131346FF0096C5D1 /* Icon-Small.png */ = {isa = PBXFileReference; lastKnownFileType = image.png; path = "Icon-Small.png"; sourceTree = "<group>"; };
		B4B7FB10131346FF0096C5D1 /* Icon-Small@2x.png */ = {isa = PBXFileReference; lastKnownFileType = image.png; path = "Icon-Small@2x.png"; sourceTree = "<group>"; };
		B4BE1CB412EE479D0085248E /* MoreInfoViewController.h */ = {isa = PBXFileReference; fileEncoding = 4; lastKnownFileType = sourcecode.c.h; name = MoreInfoViewController.h; path = Classes/MoreInfoViewController.h; sourceTree = "<group>"; };
		B4BE1CB512EE479D0085248E /* MoreInfoViewController.m */ = {isa = PBXFileReference; fileEncoding = 4; lastKnownFileType = sourcecode.c.objc; name = MoreInfoViewController.m; path = Classes/MoreInfoViewController.m; sourceTree = "<group>"; };
		B4C1233F12C945570017918B /* CLSlipperyButton.h */ = {isa = PBXFileReference; fileEncoding = 4; lastKnownFileType = sourcecode.c.h; name = CLSlipperyButton.h; path = Classes/CLSlipperyButton.h; sourceTree = "<group>"; };
		B4C1234012C945570017918B /* CLSlipperyButton.m */ = {isa = PBXFileReference; fileEncoding = 4; lastKnownFileType = sourcecode.c.objc; name = CLSlipperyButton.m; path = Classes/CLSlipperyButton.m; sourceTree = "<group>"; };
		B4C15B2E12BC301E00A56C77 /* aqua1.png */ = {isa = PBXFileReference; lastKnownFileType = image.png; path = aqua1.png; sourceTree = "<group>"; };
		B4C15B2F12BC301E00A56C77 /* blue1.png */ = {isa = PBXFileReference; lastKnownFileType = image.png; path = blue1.png; sourceTree = "<group>"; };
		B4C15B3012BC301E00A56C77 /* yellow1.png */ = {isa = PBXFileReference; lastKnownFileType = image.png; path = yellow1.png; sourceTree = "<group>"; };
		B4C15B3112BC301E00A56C77 /* green1.png */ = {isa = PBXFileReference; lastKnownFileType = image.png; path = green1.png; sourceTree = "<group>"; };
		B4C15B3212BC301E00A56C77 /* pink1.png */ = {isa = PBXFileReference; lastKnownFileType = image.png; path = pink1.png; sourceTree = "<group>"; };
		B4C15B3312BC301E00A56C77 /* purple1.png */ = {isa = PBXFileReference; lastKnownFileType = image.png; path = purple1.png; sourceTree = "<group>"; };
		B4C15B3412BC301E00A56C77 /* red1.png */ = {isa = PBXFileReference; lastKnownFileType = image.png; path = red1.png; sourceTree = "<group>"; };
		B4C15B3512BC301E00A56C77 /* seafoam1.png */ = {isa = PBXFileReference; lastKnownFileType = image.png; path = seafoam1.png; sourceTree = "<group>"; };
		B4C15B3F12BC392400A56C77 /* aqua2.png */ = {isa = PBXFileReference; lastKnownFileType = image.png; path = aqua2.png; sourceTree = "<group>"; };
		B4C15B4012BC392400A56C77 /* seafoam2.png */ = {isa = PBXFileReference; lastKnownFileType = image.png; path = seafoam2.png; sourceTree = "<group>"; };
		B4C15B4112BC392400A56C77 /* green2.png */ = {isa = PBXFileReference; lastKnownFileType = image.png; path = green2.png; sourceTree = "<group>"; };
		B4C15B4212BC392400A56C77 /* yellow2.png */ = {isa = PBXFileReference; lastKnownFileType = image.png; path = yellow2.png; sourceTree = "<group>"; };
		B4C15B5312BC44A300A56C77 /* blue2.png */ = {isa = PBXFileReference; lastKnownFileType = image.png; path = blue2.png; sourceTree = "<group>"; };
		B4C15B5812BC470900A56C77 /* pink2.png */ = {isa = PBXFileReference; lastKnownFileType = image.png; path = pink2.png; sourceTree = "<group>"; };
		B4C15B5912BC470900A56C77 /* purple2.png */ = {isa = PBXFileReference; lastKnownFileType = image.png; path = purple2.png; sourceTree = "<group>"; };
		B4C15B5A12BC470900A56C77 /* red2.png */ = {isa = PBXFileReference; lastKnownFileType = image.png; path = red2.png; sourceTree = "<group>"; };
		B4C15B6812BC533600A56C77 /* Icon.png */ = {isa = PBXFileReference; lastKnownFileType = image.png; path = Icon.png; sourceTree = "<group>"; };
		B4CD4A2612FD27AF00DCB1BA /* Networking.h */ = {isa = PBXFileReference; fileEncoding = 4; lastKnownFileType = sourcecode.c.h; name = Networking.h; path = Classes/Networking.h; sourceTree = "<group>"; };
		B4CD4A2712FD27AF00DCB1BA /* Networking.m */ = {isa = PBXFileReference; fileEncoding = 4; lastKnownFileType = sourcecode.c.objc; name = Networking.m; path = Classes/Networking.m; sourceTree = "<group>"; };
		B4CF627F12FCD25A00AA82BB /* AQSound.h */ = {isa = PBXFileReference; fileEncoding = 4; lastKnownFileType = sourcecode.c.h; name = AQSound.h; path = Classes/AQSound.h; sourceTree = "<group>"; };
		B4CF628012FCD25A00AA82BB /* AQSound.m */ = {isa = PBXFileReference; fileEncoding = 4; lastKnownFileType = sourcecode.c.objc; name = AQSound.m; path = Classes/AQSound.m; sourceTree = "<group>"; };
		B4CF628B12FCD3AB00AA82BB /* MoreInfoView.xib */ = {isa = PBXFileReference; lastKnownFileType = file.xib; path = MoreInfoView.xib; sourceTree = "<group>"; };
		B4CF630112FCDA3700AA82BB /* SawBrass.h */ = {isa = PBXFileReference; fileEncoding = 4; lastKnownFileType = sourcecode.c.h; name = SawBrass.h; path = Classes/SawBrass.h; sourceTree = "<group>"; };
		B4CF630212FCDA3700AA82BB /* SawBrass.m */ = {isa = PBXFileReference; fileEncoding = 4; lastKnownFileType = sourcecode.c.objc; name = SawBrass.m; path = Classes/SawBrass.m; sourceTree = "<group>"; };
		B4CF630612FCDA5600AA82BB /* SinePiano.h */ = {isa = PBXFileReference; fileEncoding = 4; lastKnownFileType = sourcecode.c.h; name = SinePiano.h; path = Classes/SinePiano.h; sourceTree = "<group>"; };
		B4CF630712FCDA5600AA82BB /* SinePiano.m */ = {isa = PBXFileReference; fileEncoding = 4; lastKnownFileType = sourcecode.c.objc; name = SinePiano.m; path = Classes/SinePiano.m; sourceTree = "<group>"; };
		B4CF630A12FCDC8E00AA82BB /* PulseOrgan.h */ = {isa = PBXFileReference; fileEncoding = 4; lastKnownFileType = sourcecode.c.h; name = PulseOrgan.h; path = Classes/PulseOrgan.h; sourceTree = "<group>"; };
		B4CF630B12FCDC8E00AA82BB /* PulseOrgan.m */ = {isa = PBXFileReference; fileEncoding = 4; lastKnownFileType = sourcecode.c.objc; name = PulseOrgan.m; path = Classes/PulseOrgan.m; sourceTree = "<group>"; };
		B4CF630D12FCDCA100AA82BB /* SquareStrings.h */ = {isa = PBXFileReference; fileEncoding = 4; lastKnownFileType = sourcecode.c.h; name = SquareStrings.h; path = Classes/SquareStrings.h; sourceTree = "<group>"; };
		B4CF630E12FCDCA100AA82BB /* SquareStrings.m */ = {isa = PBXFileReference; fileEncoding = 4; lastKnownFileType = sourcecode.c.objc; name = SquareStrings.m; path = Classes/SquareStrings.m; sourceTree = "<group>"; };
		B4CF631012FCDCB600AA82BB /* TriangleFlute.h */ = {isa = PBXFileReference; fileEncoding = 4; lastKnownFileType = sourcecode.c.h; name = TriangleFlute.h; path = Classes/TriangleFlute.h; sourceTree = "<group>"; };
		B4CF631112FCDCB600AA82BB /* TriangleFlute.m */ = {isa = PBXFileReference; fileEncoding = 4; lastKnownFileType = sourcecode.c.objc; name = TriangleFlute.m; path = Classes/TriangleFlute.m; sourceTree = "<group>"; };
		B4CF64D912FCF68500AA82BB /* allpass.c */ = {isa = PBXFileReference; fileEncoding = 4; lastKnownFileType = sourcecode.c.c; path = allpass.c; sourceTree = "<group>"; };
		B4CF64DA12FCF68500AA82BB /* allpass.h */ = {isa = PBXFileReference; fileEncoding = 4; lastKnownFileType = sourcecode.c.h; path = allpass.h; sourceTree = "<group>"; };
		B4CF64DB12FCF68500AA82BB /* comb.c */ = {isa = PBXFileReference; fileEncoding = 4; lastKnownFileType = sourcecode.c.c; path = comb.c; sourceTree = "<group>"; };
		B4CF64DC12FCF68500AA82BB /* comb.h */ = {isa = PBXFileReference; fileEncoding = 4; lastKnownFileType = sourcecode.c.h; path = comb.h; sourceTree = "<group>"; };
		B4CF64DD12FCF68500AA82BB /* denormals.h */ = {isa = PBXFileReference; fileEncoding = 4; lastKnownFileType = sourcecode.c.h; path = denormals.h; sourceTree = "<group>"; };
		B4CF64DE12FCF68500AA82BB /* freeverb.c */ = {isa = PBXFileReference; fileEncoding = 4; lastKnownFileType = sourcecode.c.c; path = freeverb.c; sourceTree = "<group>"; };
		B4CF64DF12FCF68500AA82BB /* freeverb.h */ = {isa = PBXFileReference; fileEncoding = 4; lastKnownFileType = sourcecode.c.h; path = freeverb.h; sourceTree = "<group>"; };
		B4CF64E012FCF68500AA82BB /* revmodel.c */ = {isa = PBXFileReference; fileEncoding = 4; lastKnownFileType = sourcecode.c.c; path = revmodel.c; sourceTree = "<group>"; };
		B4CF64E112FCF68500AA82BB /* revmodel.h */ = {isa = PBXFileReference; fileEncoding = 4; lastKnownFileType = sourcecode.c.h; path = revmodel.h; sourceTree = "<group>"; };
		B4CF64E212FCF68500AA82BB /* tuning.h */ = {isa = PBXFileReference; fileEncoding = 4; lastKnownFileType = sourcecode.c.h; path = tuning.h; sourceTree = "<group>"; };
		B4E5D7C5131304AB00D8EE67 /* Default.png */ = {isa = PBXFileReference; lastKnownFileType = image.png; path = Default.png; sourceTree = "<group>"; };
		B4F3439212937A5B001A83D3 /* Content.h */ = {isa = PBXFileReference; fileEncoding = 4; lastKnownFileType = sourcecode.c.h; name = Content.h; path = Classes/Content.h; sourceTree = "<group>"; };
		B4F6F5971291FF30008BB207 /* Mode.h */ = {isa = PBXFileReference; fileEncoding = 4; lastKnownFileType = sourcecode.c.h; name = Mode.h; path = Classes/Mode.h; sourceTree = "<group>"; };
		B4F6F5981291FF30008BB207 /* Mode.m */ = {isa = PBXFileReference; fileEncoding = 4; lastKnownFileType = sourcecode.c.objc; name = Mode.m; path = Classes/Mode.m; sourceTree = "<group>"; };
/* End PBXFileReference section */

/* Begin PBXFrameworksBuildPhase section */
		1D60588F0D05DD3D006BFB54 /* Frameworks */ = {
			isa = PBXFrameworksBuildPhase;
			buildActionMask = 2147483647;
			files = (
				1D60589F0D05DD5A006BFB54 /* Foundation.framework in Frameworks */,
				1DF5F4E00D08C38300B7A737 /* UIKit.framework in Frameworks */,
				288765590DF743DE002DB57D /* CoreGraphics.framework in Frameworks */,
				B4653FDE127E66CC00DA1F26 /* AudioToolbox.framework in Frameworks */,
				B41FD68A1315937A00F3781F /* SystemConfiguration.framework in Frameworks */,
			);
			runOnlyForDeploymentPostprocessing = 0;
		};
/* End PBXFrameworksBuildPhase section */

/* Begin PBXGroup section */
		19C28FACFE9D520D11CA2CBB /* Products */ = {
			isa = PBXGroup;
			children = (
				B47358DD131B222000FDF099 /* Thumbafon.app */,
			);
			name = Products;
			sourceTree = "<group>";
		};
		281C6CD70DB2D82200F60ACC /* Flipside Views */ = {
			isa = PBXGroup;
			children = (
				289233AC0DB2D0DB0083E9F9 /* FlipsideViewController.h */,
				289233AD0DB2D0DB0083E9F9 /* FlipsideViewController.m */,
				B4BE1CB412EE479D0085248E /* MoreInfoViewController.h */,
				B4BE1CB512EE479D0085248E /* MoreInfoViewController.m */,
			);
			name = "Flipside Views";
			sourceTree = "<group>";
		};
		289233A00DB2D0730083E9F9 /* Main View */ = {
			isa = PBXGroup;
			children = (
				289233A80DB2D0DB0083E9F9 /* MainViewController.h */,
				289233A90DB2D0DB0083E9F9 /* MainViewController.m */,
				B427AC3812CADC0F00EDDE3D /* ButtonView.h */,
				B427AC3912CADC0F00EDDE3D /* ButtonView.m */,
				B49076C0130E2DC70098E195 /* MessageView.h */,
				B49076C1130E2DC70098E195 /* MessageView.m */,
				B4C1233F12C945570017918B /* CLSlipperyButton.h */,
				B4C1234012C945570017918B /* CLSlipperyButton.m */,
			);
			name = "Main View";
			sourceTree = "<group>";
		};
		29B97314FDCFA39411CA2CEA /* CustomTemplate */ = {
			isa = PBXGroup;
			children = (
				B492982112F62806004DA4E6 /* Classes */,
				29B97315FDCFA39411CA2CEA /* Other Sources */,
				29B97317FDCFA39411CA2CEA /* Resources */,
				29B97323FDCFA39411CA2CEA /* Frameworks */,
				19C28FACFE9D520D11CA2CBB /* Products */,
			);
			name = CustomTemplate;
			sourceTree = "<group>";
		};
		29B97315FDCFA39411CA2CEA /* Other Sources */ = {
			isa = PBXGroup;
			children = (
				32CA4F630368D1EE00C91783 /* Thumbafon_Prefix.pch */,
				29B97316FDCFA39411CA2CEA /* main.m */,
			);
			name = "Other Sources";
			sourceTree = "<group>";
		};
		29B97317FDCFA39411CA2CEA /* Resources */ = {
			isa = PBXGroup;
			children = (
				8D1107310486CEB800E47090 /* Thumbafon-Info.plist */,
				280E754B0DD40C5E005A515E /* MainView.xib */,
				280E754A0DD40C5E005A515E /* FlipsideView.xib */,
				B4CF628B12FCD3AB00AA82BB /* MoreInfoView.xib */,
				280E754C0DD40C5E005A515E /* MainWindow.xib */,
				B476B48F130F9BDB0004427F /* BlankInfoScreen.png */,
				B4C15B6812BC533600A56C77 /* Icon.png */,
				B4B7FB0B131345E70096C5D1 /* Icon@2x.png */,
				B4E5D7C5131304AB00D8EE67 /* Default.png */,
				B4B7FAFF131340A20096C5D1 /* Default@2x.png */,
				B4B7FB0F131346FF0096C5D1 /* Icon-Small.png */,
				B4B7FB10131346FF0096C5D1 /* Icon-Small@2x.png */,
				B4B7FB0C131345E70096C5D1 /* iTunesArtwork.png */,
				B4C15B2D12BC301E00A56C77 /* buttons */,
				B4A4812713136A120071AA28 /* Screenshots */,
			);
			name = Resources;
			sourceTree = "<group>";
		};
		29B97323FDCFA39411CA2CEA /* Frameworks */ = {
			isa = PBXGroup;
			children = (
				1DF5F4DF0D08C38300B7A737 /* UIKit.framework */,
				1D30AB110D05D00D00671497 /* Foundation.framework */,
				288765580DF743DE002DB57D /* CoreGraphics.framework */,
				B4653FDD127E66CC00DA1F26 /* AudioToolbox.framework */,
				B41FD6891315937A00F3781F /* SystemConfiguration.framework */,
			);
			name = Frameworks;
			sourceTree = "<group>";
		};
		B492982112F62806004DA4E6 /* Classes */ = {
			isa = PBXGroup;
			children = (
				1D3623240D0F684500981E51 /* ThumbafonAppDelegate.h */,
				1D3623250D0F684500981E51 /* ThumbafonAppDelegate.m */,
				B4CD4A2612FD27AF00DCB1BA /* Networking.h */,
				B4CD4A2712FD27AF00DCB1BA /* Networking.m */,
				B46E62161315945F00DBE4FB /* Reachability.h */,
				B46E62171315945F00DBE4FB /* Reachability.m */,
				289233A00DB2D0730083E9F9 /* Main View */,
				B492982E12F62980004DA4E6 /* AudioQueue Family */,
				B492984C12F62BA8004DA4E6 /* Voice Family */,
				B4F6F5971291FF30008BB207 /* Mode.h */,
				B4F6F5981291FF30008BB207 /* Mode.m */,
				B4F3439212937A5B001A83D3 /* Content.h */,
				281C6CD70DB2D82200F60ACC /* Flipside Views */,
				B4CF64D812FCF68500AA82BB /* freeverb */,
			);
			name = Classes;
			sourceTree = "<group>";
		};
		B492982E12F62980004DA4E6 /* AudioQueue Family */ = {
			isa = PBXGroup;
			children = (
				B46C41FF12860417002E1B34 /* AQPlayer.h */,
				B46C420012860417002E1B34 /* AQPlayer.m */,
				B492983E12F62A62004DA4E6 /* AQSynth.h */,
				B492983F12F62A62004DA4E6 /* AQSynth.m */,
				B4CF627F12FCD25A00AA82BB /* AQSound.h */,
				B4CF628012FCD25A00AA82BB /* AQSound.m */,
			);
			name = "AudioQueue Family";
			sourceTree = "<group>";
		};
		B492984C12F62BA8004DA4E6 /* Voice Family */ = {
			isa = PBXGroup;
			children = (
				B492984912F62BA0004DA4E6 /* Voice.h */,
				B492984A12F62BA0004DA4E6 /* Voice.m */,
				B492984F12F62BEF004DA4E6 /* VoiceSynth.h */,
				B492985012F62BEF004DA4E6 /* VoiceSynth.m */,
				B492985812F62C34004DA4E6 /* The Sounds */,
			);
			name = "Voice Family";
			sourceTree = "<group>";
		};
		B492985812F62C34004DA4E6 /* The Sounds */ = {
			isa = PBXGroup;
			children = (
				B4CF630612FCDA5600AA82BB /* SinePiano.h */,
				B4CF630712FCDA5600AA82BB /* SinePiano.m */,
				B4CF631012FCDCB600AA82BB /* TriangleFlute.h */,
				B4CF631112FCDCB600AA82BB /* TriangleFlute.m */,
				B4CF630A12FCDC8E00AA82BB /* PulseOrgan.h */,
				B4CF630B12FCDC8E00AA82BB /* PulseOrgan.m */,
				B4CF630112FCDA3700AA82BB /* SawBrass.h */,
				B4CF630212FCDA3700AA82BB /* SawBrass.m */,
				B4CF630D12FCDCA100AA82BB /* SquareStrings.h */,
				B4CF630E12FCDCA100AA82BB /* SquareStrings.m */,
			);
			name = "The Sounds";
			sourceTree = "<group>";
		};
		B4A4812713136A120071AA28 /* Screenshots */ = {
			isa = PBXGroup;
			children = (
				B4A4812813136A120071AA28 /* 1_Land.png */,
				B4A4812913136A120071AA28 /* 1_Port.png */,
				B4A4812A13136A120071AA28 /* 2_Land.png */,
				B4A4812B13136A120071AA28 /* 2_Port.png */,
				B4A4812C13136A120071AA28 /* 3_Land.png */,
				B4A4812D13136A120071AA28 /* 3_Port.png */,
				B4A4812E13136A120071AA28 /* Big1_Land.png */,
				B4A4812F13136A120071AA28 /* Big1_Port.png */,
				B4A4813013136A120071AA28 /* Big2_Land.png */,
				B4A4813113136A120071AA28 /* Big2_Port.png */,
				B4A4813213136A120071AA28 /* Big3_Land.png */,
				B4A4813313136A120071AA28 /* Big3_Port.png */,
			);
			path = Screenshots;
			sourceTree = "<group>";
		};
		B4C15B2D12BC301E00A56C77 /* buttons */ = {
			isa = PBXGroup;
			children = (
				B4C15B5812BC470900A56C77 /* pink2.png */,
				B4C15B5912BC470900A56C77 /* purple2.png */,
				B4C15B5A12BC470900A56C77 /* red2.png */,
				B4C15B5312BC44A300A56C77 /* blue2.png */,
				B4C15B3F12BC392400A56C77 /* aqua2.png */,
				B4C15B4012BC392400A56C77 /* seafoam2.png */,
				B4C15B4112BC392400A56C77 /* green2.png */,
				B4C15B4212BC392400A56C77 /* yellow2.png */,
				B4C15B2E12BC301E00A56C77 /* aqua1.png */,
				B4C15B2F12BC301E00A56C77 /* blue1.png */,
				B4C15B3012BC301E00A56C77 /* yellow1.png */,
				B4C15B3112BC301E00A56C77 /* green1.png */,
				B4C15B3212BC301E00A56C77 /* pink1.png */,
				B4C15B3312BC301E00A56C77 /* purple1.png */,
				B4C15B3412BC301E00A56C77 /* red1.png */,
				B4C15B3512BC301E00A56C77 /* seafoam1.png */,
			);
			path = buttons;
			sourceTree = "<group>";
		};
		B4CF64D812FCF68500AA82BB /* freeverb */ = {
			isa = PBXGroup;
			children = (
				B4CF64D912FCF68500AA82BB /* allpass.c */,
				B4CF64DA12FCF68500AA82BB /* allpass.h */,
				B4CF64DB12FCF68500AA82BB /* comb.c */,
				B4CF64DC12FCF68500AA82BB /* comb.h */,
				B4CF64DD12FCF68500AA82BB /* denormals.h */,
				B4CF64DE12FCF68500AA82BB /* freeverb.c */,
				B4CF64DF12FCF68500AA82BB /* freeverb.h */,
				B4CF64E012FCF68500AA82BB /* revmodel.c */,
				B4CF64E112FCF68500AA82BB /* revmodel.h */,
				B4CF64E212FCF68500AA82BB /* tuning.h */,
			);
			path = freeverb;
			sourceTree = "<group>";
		};
/* End PBXGroup section */

/* Begin PBXNativeTarget section */
		1D6058900D05DD3D006BFB54 /* Thumbafon */ = {
			isa = PBXNativeTarget;
			buildConfigurationList = 1D6058960D05DD3E006BFB54 /* Build configuration list for PBXNativeTarget "Thumbafon" */;
			buildPhases = (
				1D60588D0D05DD3D006BFB54 /* Resources */,
				1D60588E0D05DD3D006BFB54 /* Sources */,
				1D60588F0D05DD3D006BFB54 /* Frameworks */,
			);
			buildRules = (
			);
			dependencies = (
			);
			name = Thumbafon;
			productName = Thumbafon;
			productReference = B47358DD131B222000FDF099 /* Thumbafon.app */;
			productType = "com.apple.product-type.application";
		};
/* End PBXNativeTarget section */

/* Begin PBXProject section */
		29B97313FDCFA39411CA2CEA /* Project object */ = {
			isa = PBXProject;
			buildConfigurationList = C01FCF4E08A954540054247B /* Build configuration list for PBXProject "Thumbafon" */;
			compatibilityVersion = "Xcode 3.2";
			developmentRegion = English;
			hasScannedForEncodings = 1;
			knownRegions = (
				English,
				Japanese,
				French,
				German,
				en,
			);
			mainGroup = 29B97314FDCFA39411CA2CEA /* CustomTemplate */;
			projectDirPath = "";
			projectRoot = "";
			targets = (
				1D6058900D05DD3D006BFB54 /* Thumbafon */,
			);
		};
/* End PBXProject section */

/* Begin PBXResourcesBuildPhase section */
		1D60588D0D05DD3D006BFB54 /* Resources */ = {
			isa = PBXResourcesBuildPhase;
			buildActionMask = 2147483647;
			files = (
				280E754D0DD40C5E005A515E /* FlipsideView.xib in Resources */,
				280E754E0DD40C5E005A515E /* MainView.xib in Resources */,
				B4C15B3612BC301E00A56C77 /* aqua1.png in Resources */,
				B4C15B3712BC301E00A56C77 /* blue1.png in Resources */,
				B4C15B3812BC301E00A56C77 /* yellow1.png in Resources */,
				B4C15B3912BC301E00A56C77 /* green1.png in Resources */,
				B4C15B3A12BC301E00A56C77 /* pink1.png in Resources */,
				B4C15B3B12BC301E00A56C77 /* purple1.png in Resources */,
				B4C15B3C12BC301E00A56C77 /* red1.png in Resources */,
				B4C15B3D12BC301E00A56C77 /* seafoam1.png in Resources */,
				B4C15B4312BC392400A56C77 /* aqua2.png in Resources */,
				B4C15B4412BC392400A56C77 /* seafoam2.png in Resources */,
				B4C15B4512BC392400A56C77 /* green2.png in Resources */,
				B4C15B4612BC392400A56C77 /* yellow2.png in Resources */,
				B4C15B5412BC44A300A56C77 /* blue2.png in Resources */,
				B4C15B5B12BC470900A56C77 /* pink2.png in Resources */,
				B4C15B5C12BC470900A56C77 /* purple2.png in Resources */,
				B4C15B5D12BC470900A56C77 /* red2.png in Resources */,
				B4C15B6912BC533600A56C77 /* Icon.png in Resources */,
				B4C03E1012C5A2780037E3B5 /* MainWindow.xib in Resources */,
				B4CF628C12FCD3AB00AA82BB /* MoreInfoView.xib in Resources */,
				B476B490130F9BDB0004427F /* BlankInfoScreen.png in Resources */,
				B4E5D7C6131304AB00D8EE67 /* Default.png in Resources */,
				B4B7FB00131340A20096C5D1 /* Default@2x.png in Resources */,
				B4B7FB0D131345E70096C5D1 /* Icon@2x.png in Resources */,
				B4B7FB0E131345E70096C5D1 /* iTunesArtwork.png in Resources */,
				B4B7FB11131346FF0096C5D1 /* Icon-Small.png in Resources */,
				B4B7FB12131346FF0096C5D1 /* Icon-Small@2x.png in Resources */,
				B4A4813413136A120071AA28 /* 1_Land.png in Resources */,
				B4A4813513136A120071AA28 /* 1_Port.png in Resources */,
				B4A4813613136A120071AA28 /* 2_Land.png in Resources */,
				B4A4813713136A120071AA28 /* 2_Port.png in Resources */,
				B4A4813813136A120071AA28 /* 3_Land.png in Resources */,
				B4A4813913136A120071AA28 /* 3_Port.png in Resources */,
				B4A4813A13136A120071AA28 /* Big1_Land.png in Resources */,
				B4A4813B13136A120071AA28 /* Big1_Port.png in Resources */,
				B4A4813C13136A120071AA28 /* Big2_Land.png in Resources */,
				B4A4813D13136A120071AA28 /* Big2_Port.png in Resources */,
				B4A4813E13136A120071AA28 /* Big3_Land.png in Resources */,
				B4A4813F13136A120071AA28 /* Big3_Port.png in Resources */,
			);
			runOnlyForDeploymentPostprocessing = 0;
		};
/* End PBXResourcesBuildPhase section */

/* Begin PBXSourcesBuildPhase section */
		1D60588E0D05DD3D006BFB54 /* Sources */ = {
			isa = PBXSourcesBuildPhase;
			buildActionMask = 2147483647;
			files = (
				1D60589B0D05DD56006BFB54 /* main.m in Sources */,
				1D3623260D0F684500981E51 /* ThumbafonAppDelegate.m in Sources */,
				289233AE0DB2D0DB0083E9F9 /* MainViewController.m in Sources */,
				289233B00DB2D0DB0083E9F9 /* FlipsideViewController.m in Sources */,
				B46C420312860417002E1B34 /* AQPlayer.m in Sources */,
				B4F6F5991291FF30008BB207 /* Mode.m in Sources */,
				B4C1234112C945570017918B /* CLSlipperyButton.m in Sources */,
				B427AC3A12CADC0F00EDDE3D /* ButtonView.m in Sources */,
				B4BE1CB712EE479D0085248E /* MoreInfoViewController.m in Sources */,
				B492984012F62A62004DA4E6 /* AQSynth.m in Sources */,
				B492984B12F62BA0004DA4E6 /* Voice.m in Sources */,
				B492985112F62BEF004DA4E6 /* VoiceSynth.m in Sources */,
				B4CF628112FCD25A00AA82BB /* AQSound.m in Sources */,
				B4CF630312FCDA3700AA82BB /* SawBrass.m in Sources */,
				B4CF630812FCDA5600AA82BB /* SinePiano.m in Sources */,
				B4CF630C12FCDC8E00AA82BB /* PulseOrgan.m in Sources */,
				B4CF630F12FCDCA100AA82BB /* SquareStrings.m in Sources */,
				B4CF631212FCDCB600AA82BB /* TriangleFlute.m in Sources */,
				B4CF64E312FCF68500AA82BB /* allpass.c in Sources */,
				B4CF64E412FCF68500AA82BB /* comb.c in Sources */,
				B4CF64E512FCF68500AA82BB /* freeverb.c in Sources */,
				B4CF64E612FCF68500AA82BB /* revmodel.c in Sources */,
				B4CD4A2812FD27AF00DCB1BA /* Networking.m in Sources */,
				B49076C2130E2DC70098E195 /* MessageView.m in Sources */,
				B46E62181315945F00DBE4FB /* Reachability.m in Sources */,
			);
			runOnlyForDeploymentPostprocessing = 0;
		};
/* End PBXSourcesBuildPhase section */

/* Begin XCBuildConfiguration section */
		1D6058940D05DD3E006BFB54 /* Debug */ = {
			isa = XCBuildConfiguration;
			buildSettings = {
				ALWAYS_SEARCH_USER_PATHS = NO;
				COPY_PHASE_STRIP = NO;
				GCC_DYNAMIC_NO_PIC = NO;
				GCC_OPTIMIZATION_LEVEL = 0;
				GCC_PRECOMPILE_PREFIX_HEADER = YES;
				GCC_PREFIX_HEADER = Thumbafon_Prefix.pch;
				INFOPLIST_FILE = "Thumbafon-Info.plist";
				PRODUCT_NAME = Thumbafon;
			};
			name = Debug;
		};
		1D6058950D05DD3E006BFB54 /* Release */ = {
			isa = XCBuildConfiguration;
			buildSettings = {
				ALWAYS_SEARCH_USER_PATHS = NO;
				COPY_PHASE_STRIP = YES;
				GCC_PRECOMPILE_PREFIX_HEADER = YES;
				GCC_PREFIX_HEADER = Thumbafon_Prefix.pch;
				INFOPLIST_FILE = "Thumbafon-Info.plist";
				PRODUCT_NAME = Thumbafon;
				VALIDATE_PRODUCT = YES;
			};
			name = Release;
		};
		B47358D0131B1F5E00FDF099 /* Distribution */ = {
			isa = XCBuildConfiguration;
			buildSettings = {
				ARCHS = "$(ARCHS_STANDARD_32_BIT)";
				"CODE_SIGN_IDENTITY[sdk=iphoneos*]" = "iPhone Distribution: Christopher Lavender";
				GCC_C_LANGUAGE_STANDARD = c99;
				GCC_WARN_ABOUT_RETURN_TYPE = YES;
				GCC_WARN_UNUSED_VARIABLE = YES;
				OTHER_CFLAGS = "-DNS_BLOCK_ASSERTIONS=1";
				PREBINDING = NO;
				"PROVISIONING_PROFILE[sdk=iphoneos*]" = "8E01B352-FC60-492A-93A0-4F0AB72186F1";
				SDKROOT = iphoneos;
			};
			name = Distribution;
		};
		B47358D1131B1F5E00FDF099 /* Distribution */ = {
			isa = XCBuildConfiguration;
			buildSettings = {
				ALWAYS_SEARCH_USER_PATHS = NO;
				COPY_PHASE_STRIP = YES;
				GCC_PRECOMPILE_PREFIX_HEADER = YES;
				GCC_PREFIX_HEADER = Thumbafon_Prefix.pch;
				INFOPLIST_FILE = "Thumbafon-Info.plist";
				PRODUCT_NAME = Thumbafon;
				VALIDATE_PRODUCT = YES;
			};
			name = Distribution;
		};
		C01FCF4F08A954540054247B /* Debug */ = {
			isa = XCBuildConfiguration;
			buildSettings = {
				ARCHS = "$(ARCHS_STANDARD_32_BIT)";
				"CODE_SIGN_IDENTITY[sdk=iphoneos*]" = "iPhone Developer";
				GCC_C_LANGUAGE_STANDARD = c99;
				GCC_FEEDBACK_DIRECTED_OPTIMIZATION = Off;
				GCC_OPTIMIZATION_LEVEL = s;
				GCC_WARN_ABOUT_RETURN_TYPE = YES;
				GCC_WARN_UNUSED_VARIABLE = YES;
				PREBINDING = NO;
				"PROVISIONING_PROFILE[sdk=iphoneos*]" = "";
				SDKROOT = iphoneos;
			};
			name = Debug;
		};
		C01FCF5008A954540054247B /* Release */ = {
			isa = XCBuildConfiguration;
			buildSettings = {
				ARCHS = "$(ARCHS_STANDARD_32_BIT)";
				"CODE_SIGN_IDENTITY[sdk=iphoneos*]" = "iPhone Developer";
				GCC_C_LANGUAGE_STANDARD = c99;
				GCC_WARN_ABOUT_RETURN_TYPE = YES;
				GCC_WARN_UNUSED_VARIABLE = YES;
				OTHER_CFLAGS = "-DNS_BLOCK_ASSERTIONS=1";
				PREBINDING = NO;
				SDKROOT = iphoneos;
			};
			name = Release;
		};
/* End XCBuildConfiguration section */

/* Begin XCConfigurationList section */
		1D6058960D05DD3E006BFB54 /* Build configuration list for PBXNativeTarget "Thumbafon" */ = {
			isa = XCConfigurationList;
			buildConfigurations = (
				1D6058940D05DD3E006BFB54 /* Debug */,
				1D6058950D05DD3E006BFB54 /* Release */,
				B47358D1131B1F5E00FDF099 /* Distribution */,
			);
			defaultConfigurationIsVisible = 0;
			defaultConfigurationName = Release;
		};
		C01FCF4E08A954540054247B /* Build configuration list for PBXProject "Thumbafon" */ = {
			isa = XCConfigurationList;
			buildConfigurations = (
				C01FCF4F08A954540054247B /* Debug */,
				C01FCF5008A954540054247B /* Release */,
				B47358D0131B1F5E00FDF099 /* Distribution */,
			);
			defaultConfigurationIsVisible = 0;
			defaultConfigurationName = Release;
		};
/* End XCConfigurationList section */
	};
	rootObject = 29B97313FDCFA39411CA2CEA /* Project object */;
}
