// !$*UTF8*$!
{
	archiveVersion = 1;
	classes = {
	};
	objectVersion = 45;
	objects = {

/* Begin PBXBuildFile section */
		1D60589B0D05DD56006BFB54 /* main.m in Sources */ = {isa = PBXBuildFile; fileRef = 29B97316FDCFA39411CA2CEA /* main.m */; };
		1D60589F0D05DD5A006BFB54 /* Foundation.framework in Frameworks */ = {isa = PBXBuildFile; fileRef = 1D30AB110D05D00D00671497 /* Foundation.framework */; };
		1DF5F4E00D08C38300B7A737 /* UIKit.framework in Frameworks */ = {isa = PBXBuildFile; fileRef = 1DF5F4DF0D08C38300B7A737 /* UIKit.framework */; };
		210FA40E12C8F963006FD4C7 /* click.aif in Resources */ = {isa = PBXBuildFile; fileRef = 210FA40D12C8F963006FD4C7 /* click.aif */; };
		2113CFE112CB9EF600D85682 /* audacity_0.aif in Resources */ = {isa = PBXBuildFile; fileRef = 2113CFDF12CB9EF600D85682 /* audacity_0.aif */; };
		21208EE112CBD4EC0075A01F /* audacity_2.aif in Resources */ = {isa = PBXBuildFile; fileRef = 21208EDF12CBD4EC0075A01F /* audacity_2.aif */; };
		21208F5112CBD6840075A01F /* audacity_1.aif in Resources */ = {isa = PBXBuildFile; fileRef = 21208F5012CBD6840075A01F /* audacity_1.aif */; };
		2164C78812C2527D00B7BB3E /* AQPlayer.m in Sources */ = {isa = PBXBuildFile; fileRef = 2164C78712C2527D00B7BB3E /* AQPlayer.m */; };
		2164C78C12C2528F00B7BB3E /* AudioToolbox.framework in Frameworks */ = {isa = PBXBuildFile; fileRef = 2164C78B12C2528F00B7BB3E /* AudioToolbox.framework */; };
		21D0B3C112ECAA3E00CD8E27 /* SimpleSynth_Singleton.m in Sources */ = {isa = PBXBuildFile; fileRef = 21D0B3C012ECAA3E00CD8E27 /* SimpleSynth_Singleton.m */; };
		21D0B3CA12ECAA7600CD8E27 /* 32px-Speaker_Off.png in Resources */ = {isa = PBXBuildFile; fileRef = 21D0B3C812ECAA7600CD8E27 /* 32px-Speaker_Off.png */; };
		21D0B3CB12ECAA7600CD8E27 /* 32px-Speaker_On.png in Resources */ = {isa = PBXBuildFile; fileRef = 21D0B3C912ECAA7600CD8E27 /* 32px-Speaker_On.png */; };
		21D0B40812ED27F900CD8E27 /* allpass.c in Sources */ = {isa = PBXBuildFile; fileRef = 21D0B40012ED27F900CD8E27 /* allpass.c */; };
		21D0B40912ED27F900CD8E27 /* comb.c in Sources */ = {isa = PBXBuildFile; fileRef = 21D0B40212ED27F900CD8E27 /* comb.c */; };
		21D0B40A12ED27F900CD8E27 /* revmodel.c in Sources */ = {isa = PBXBuildFile; fileRef = 21D0B40512ED27F900CD8E27 /* revmodel.c */; };
		21D0B41012ED29A900CD8E27 /* freeverb.c in Sources */ = {isa = PBXBuildFile; fileRef = 21D0B40E12ED29A900CD8E27 /* freeverb.c */; };
		21D969C512C8E1150091C35C /* SoundFile.m in Sources */ = {isa = PBXBuildFile; fileRef = 21D969C412C8E1150091C35C /* SoundFile.m */; };
		21D969CF12C8E1630091C35C /* TouchView.m in Sources */ = {isa = PBXBuildFile; fileRef = 21D969CE12C8E1630091C35C /* TouchView.m */; };
		2860E328111B887F00E27156 /* AppDelegate_iPhone.m in Sources */ = {isa = PBXBuildFile; fileRef = 2860E326111B887F00E27156 /* AppDelegate_iPhone.m */; };
		2860E329111B887F00E27156 /* MainWindow_iPhone.xib in Resources */ = {isa = PBXBuildFile; fileRef = 2860E327111B887F00E27156 /* MainWindow_iPhone.xib */; };
		2860E32E111B888700E27156 /* AppDelegate_iPad.m in Sources */ = {isa = PBXBuildFile; fileRef = 2860E32C111B888700E27156 /* AppDelegate_iPad.m */; };
		2860E32F111B888700E27156 /* MainWindow_iPad.xib in Resources */ = {isa = PBXBuildFile; fileRef = 2860E32D111B888700E27156 /* MainWindow_iPad.xib */; };
		288765FD0DF74451002DB57D /* CoreGraphics.framework in Frameworks */ = {isa = PBXBuildFile; fileRef = 288765FC0DF74451002DB57D /* CoreGraphics.framework */; };
		B459142912E27B8200BB3384 /* ePiano.aif in Resources */ = {isa = PBXBuildFile; fileRef = B459142512E27B8200BB3384 /* ePiano.aif */; };
		B459142A12E27B8200BB3384 /* flute.aif in Resources */ = {isa = PBXBuildFile; fileRef = B459142612E27B8200BB3384 /* flute.aif */; };
		B459142B12E27B8200BB3384 /* marimba.aif in Resources */ = {isa = PBXBuildFile; fileRef = B459142712E27B8200BB3384 /* marimba.aif */; };
		B459142C12E27B8200BB3384 /* trumpet.aif in Resources */ = {isa = PBXBuildFile; fileRef = B459142812E27B8200BB3384 /* trumpet.aif */; };
/* End PBXBuildFile section */

/* Begin PBXFileReference section */
		1D30AB110D05D00D00671497 /* Foundation.framework */ = {isa = PBXFileReference; lastKnownFileType = wrapper.framework; name = Foundation.framework; path = System/Library/Frameworks/Foundation.framework; sourceTree = SDKROOT; };
		1D6058910D05DD3D006BFB54 /* TheRocket.app */ = {isa = PBXFileReference; explicitFileType = wrapper.application; includeInIndex = 0; path = TheRocket.app; sourceTree = BUILT_PRODUCTS_DIR; };
		1DF5F4DF0D08C38300B7A737 /* UIKit.framework */ = {isa = PBXFileReference; lastKnownFileType = wrapper.framework; name = UIKit.framework; path = System/Library/Frameworks/UIKit.framework; sourceTree = SDKROOT; };
		210FA40D12C8F963006FD4C7 /* click.aif */ = {isa = PBXFileReference; lastKnownFileType = file; name = click.aif; path = Shared/click.aif; sourceTree = "<group>"; };
		2112CFE112CACD2E0021C494 /* SimpleSynth_Singleton.h */ = {isa = PBXFileReference; fileEncoding = 4; lastKnownFileType = sourcecode.c.h; name = SimpleSynth_Singleton.h; path = Shared/SimpleSynth_Singleton.h; sourceTree = "<group>"; };
		2113CFDF12CB9EF600D85682 /* audacity_0.aif */ = {isa = PBXFileReference; lastKnownFileType = file; name = audacity_0.aif; path = Shared/audacity_0.aif; sourceTree = "<group>"; };
		21208EDF12CBD4EC0075A01F /* audacity_2.aif */ = {isa = PBXFileReference; lastKnownFileType = file; name = audacity_2.aif; path = Shared/audacity_2.aif; sourceTree = "<group>"; };
		21208F5012CBD6840075A01F /* audacity_1.aif */ = {isa = PBXFileReference; lastKnownFileType = file; name = audacity_1.aif; path = Shared/audacity_1.aif; sourceTree = "<group>"; };
		2164C78612C2527D00B7BB3E /* AQPlayer.h */ = {isa = PBXFileReference; fileEncoding = 4; lastKnownFileType = sourcecode.c.h; name = AQPlayer.h; path = Shared/AQPlayer.h; sourceTree = "<group>"; };
		2164C78712C2527D00B7BB3E /* AQPlayer.m */ = {isa = PBXFileReference; fileEncoding = 4; lastKnownFileType = sourcecode.c.objc; name = AQPlayer.m; path = Shared/AQPlayer.m; sourceTree = "<group>"; };
		2164C78B12C2528F00B7BB3E /* AudioToolbox.framework */ = {isa = PBXFileReference; lastKnownFileType = wrapper.framework; name = AudioToolbox.framework; path = System/Library/Frameworks/AudioToolbox.framework; sourceTree = SDKROOT; };
		21D0B3C012ECAA3E00CD8E27 /* SimpleSynth_Singleton.m */ = {isa = PBXFileReference; fileEncoding = 4; lastKnownFileType = sourcecode.c.objc; name = SimpleSynth_Singleton.m; path = Shared/SimpleSynth_Singleton.m; sourceTree = "<group>"; };
		21D0B3C812ECAA7600CD8E27 /* 32px-Speaker_Off.png */ = {isa = PBXFileReference; lastKnownFileType = image.png; name = "32px-Speaker_Off.png"; path = "images/32px-Speaker_Off.png"; sourceTree = "<group>"; };
		21D0B3C912ECAA7600CD8E27 /* 32px-Speaker_On.png */ = {isa = PBXFileReference; lastKnownFileType = image.png; name = "32px-Speaker_On.png"; path = "images/32px-Speaker_On.png"; sourceTree = "<group>"; };
		21D0B40012ED27F900CD8E27 /* allpass.c */ = {isa = PBXFileReference; fileEncoding = 4; lastKnownFileType = sourcecode.c.c; path = allpass.c; sourceTree = "<group>"; };
		21D0B40112ED27F900CD8E27 /* allpass.h */ = {isa = PBXFileReference; fileEncoding = 4; lastKnownFileType = sourcecode.c.h; path = allpass.h; sourceTree = "<group>"; };
		21D0B40212ED27F900CD8E27 /* comb.c */ = {isa = PBXFileReference; fileEncoding = 4; lastKnownFileType = sourcecode.c.c; path = comb.c; sourceTree = "<group>"; };
		21D0B40312ED27F900CD8E27 /* comb.h */ = {isa = PBXFileReference; fileEncoding = 4; lastKnownFileType = sourcecode.c.h; path = comb.h; sourceTree = "<group>"; };
		21D0B40412ED27F900CD8E27 /* denormals.h */ = {isa = PBXFileReference; fileEncoding = 4; lastKnownFileType = sourcecode.c.h; path = denormals.h; sourceTree = "<group>"; };
		21D0B40512ED27F900CD8E27 /* revmodel.c */ = {isa = PBXFileReference; fileEncoding = 4; lastKnownFileType = sourcecode.c.c; path = revmodel.c; sourceTree = "<group>"; };
		21D0B40612ED27F900CD8E27 /* revmodel.h */ = {isa = PBXFileReference; fileEncoding = 4; lastKnownFileType = sourcecode.c.h; path = revmodel.h; sourceTree = "<group>"; };
		21D0B40712ED27F900CD8E27 /* tuning.h */ = {isa = PBXFileReference; fileEncoding = 4; lastKnownFileType = sourcecode.c.h; path = tuning.h; sourceTree = "<group>"; };
		21D0B40E12ED29A900CD8E27 /* freeverb.c */ = {isa = PBXFileReference; fileEncoding = 4; lastKnownFileType = sourcecode.c.c; path = freeverb.c; sourceTree = "<group>"; };
		21D0B40F12ED29A900CD8E27 /* freeverb.h */ = {isa = PBXFileReference; fileEncoding = 4; lastKnownFileType = sourcecode.c.h; path = freeverb.h; sourceTree = "<group>"; };
		21D969C312C8E1150091C35C /* SoundFile.h */ = {isa = PBXFileReference; fileEncoding = 4; lastKnownFileType = sourcecode.c.h; name = SoundFile.h; path = Shared/SoundFile.h; sourceTree = "<group>"; };
		21D969C412C8E1150091C35C /* SoundFile.m */ = {isa = PBXFileReference; fileEncoding = 4; lastKnownFileType = sourcecode.c.objc; name = SoundFile.m; path = Shared/SoundFile.m; sourceTree = "<group>"; };
		21D969CD12C8E1630091C35C /* TouchView.h */ = {isa = PBXFileReference; fileEncoding = 4; lastKnownFileType = sourcecode.c.h; name = TouchView.h; path = Shared/TouchView.h; sourceTree = "<group>"; };
		21D969CE12C8E1630091C35C /* TouchView.m */ = {isa = PBXFileReference; fileEncoding = 4; lastKnownFileType = sourcecode.c.objc; name = TouchView.m; path = Shared/TouchView.m; sourceTree = "<group>"; };
		21FD9A2312C256EC009B5199 /* TheRocket_Prefix.pch */ = {isa = PBXFileReference; fileEncoding = 4; lastKnownFileType = sourcecode.c.h; path = TheRocket_Prefix.pch; sourceTree = "<group>"; };
		2860E325111B887F00E27156 /* AppDelegate_iPhone.h */ = {isa = PBXFileReference; fileEncoding = 4; lastKnownFileType = sourcecode.c.h; path = AppDelegate_iPhone.h; sourceTree = "<group>"; };
		2860E326111B887F00E27156 /* AppDelegate_iPhone.m */ = {isa = PBXFileReference; fileEncoding = 4; lastKnownFileType = sourcecode.c.objc; path = AppDelegate_iPhone.m; sourceTree = "<group>"; };
		2860E327111B887F00E27156 /* MainWindow_iPhone.xib */ = {isa = PBXFileReference; lastKnownFileType = file.xib; path = MainWindow_iPhone.xib; sourceTree = "<group>"; };
		2860E32B111B888700E27156 /* AppDelegate_iPad.h */ = {isa = PBXFileReference; fileEncoding = 4; lastKnownFileType = sourcecode.c.h; path = AppDelegate_iPad.h; sourceTree = "<group>"; };
		2860E32C111B888700E27156 /* AppDelegate_iPad.m */ = {isa = PBXFileReference; fileEncoding = 4; lastKnownFileType = sourcecode.c.objc; path = AppDelegate_iPad.m; sourceTree = "<group>"; };
		2860E32D111B888700E27156 /* MainWindow_iPad.xib */ = {isa = PBXFileReference; lastKnownFileType = file.xib; path = MainWindow_iPad.xib; sourceTree = "<group>"; };
		288765FC0DF74451002DB57D /* CoreGraphics.framework */ = {isa = PBXFileReference; lastKnownFileType = wrapper.framework; name = CoreGraphics.framework; path = System/Library/Frameworks/CoreGraphics.framework; sourceTree = SDKROOT; };
		29B97316FDCFA39411CA2CEA /* main.m */ = {isa = PBXFileReference; fileEncoding = 4; lastKnownFileType = sourcecode.c.objc; name = main.m; path = Shared/main.m; sourceTree = "<group>"; };
		B459142512E27B8200BB3384 /* ePiano.aif */ = {isa = PBXFileReference; lastKnownFileType = file; path = ePiano.aif; sourceTree = "<group>"; };
		B459142612E27B8200BB3384 /* flute.aif */ = {isa = PBXFileReference; lastKnownFileType = file; path = flute.aif; sourceTree = "<group>"; };
		B459142712E27B8200BB3384 /* marimba.aif */ = {isa = PBXFileReference; lastKnownFileType = file; path = marimba.aif; sourceTree = "<group>"; };
		B459142812E27B8200BB3384 /* trumpet.aif */ = {isa = PBXFileReference; lastKnownFileType = file; path = trumpet.aif; sourceTree = "<group>"; };
/* End PBXFileReference section */

/* Begin PBXFrameworksBuildPhase section */
		1D60588F0D05DD3D006BFB54 /* Frameworks */ = {
			isa = PBXFrameworksBuildPhase;
			buildActionMask = 2147483647;
			files = (
				1D60589F0D05DD5A006BFB54 /* Foundation.framework in Frameworks */,
				1DF5F4E00D08C38300B7A737 /* UIKit.framework in Frameworks */,
				288765FD0DF74451002DB57D /* CoreGraphics.framework in Frameworks */,
				2164C78C12C2528F00B7BB3E /* AudioToolbox.framework in Frameworks */,
			);
			runOnlyForDeploymentPostprocessing = 0;
		};
/* End PBXFrameworksBuildPhase section */

/* Begin PBXGroup section */
		19C28FACFE9D520D11CA2CBB /* Products */ = {
			isa = PBXGroup;
			children = (
				1D6058910D05DD3D006BFB54 /* TheRocket.app */,
			);
			name = Products;
			sourceTree = "<group>";
		};
		21D0B3FF12ED27F900CD8E27 /* freeverb */ = {
			isa = PBXGroup;
			children = (
				21D0B40012ED27F900CD8E27 /* allpass.c */,
				21D0B40112ED27F900CD8E27 /* allpass.h */,
				21D0B40212ED27F900CD8E27 /* comb.c */,
				21D0B40312ED27F900CD8E27 /* comb.h */,
				21D0B40412ED27F900CD8E27 /* denormals.h */,
				21D0B40F12ED29A900CD8E27 /* freeverb.h */,
				21D0B40E12ED29A900CD8E27 /* freeverb.c */,
				21D0B40512ED27F900CD8E27 /* revmodel.c */,
				21D0B40612ED27F900CD8E27 /* revmodel.h */,
				21D0B40712ED27F900CD8E27 /* tuning.h */,
			);
			name = freeverb;
			path = Shared/freeverb;
			sourceTree = "<group>";
		};
		2860E324111B887F00E27156 /* iPhone */ = {
			isa = PBXGroup;
			children = (
				2860E325111B887F00E27156 /* AppDelegate_iPhone.h */,
				2860E326111B887F00E27156 /* AppDelegate_iPhone.m */,
				2860E327111B887F00E27156 /* MainWindow_iPhone.xib */,
			);
			path = iPhone;
			sourceTree = "<group>";
		};
		2860E32A111B888700E27156 /* iPad */ = {
			isa = PBXGroup;
			children = (
				2860E32B111B888700E27156 /* AppDelegate_iPad.h */,
				2860E32C111B888700E27156 /* AppDelegate_iPad.m */,
				2860E32D111B888700E27156 /* MainWindow_iPad.xib */,
			);
			path = iPad;
			sourceTree = "<group>";
		};
		28EEBF621118D79A00187D67 /* Shared */ = {
			isa = PBXGroup;
			children = (
				21D0B3FF12ED27F900CD8E27 /* freeverb */,
				2112CFE112CACD2E0021C494 /* SimpleSynth_Singleton.h */,
				21D0B3C012ECAA3E00CD8E27 /* SimpleSynth_Singleton.m */,
				2164C78612C2527D00B7BB3E /* AQPlayer.h */,
				2164C78712C2527D00B7BB3E /* AQPlayer.m */,
				21D969C312C8E1150091C35C /* SoundFile.h */,
				21D969C412C8E1150091C35C /* SoundFile.m */,
				21D969CD12C8E1630091C35C /* TouchView.h */,
				21D969CE12C8E1630091C35C /* TouchView.m */,
			);
			name = Shared;
			sourceTree = "<group>";
		};
		29B97314FDCFA39411CA2CEA /* CustomTemplate */ = {
			isa = PBXGroup;
			children = (
				2860E32A111B888700E27156 /* iPad */,
				2860E324111B887F00E27156 /* iPhone */,
				28EEBF621118D79A00187D67 /* Shared */,
				29B97315FDCFA39411CA2CEA /* Other Sources */,
				29B97323FDCFA39411CA2CEA /* Frameworks */,
				19C28FACFE9D520D11CA2CBB /* Products */,
			);
			name = CustomTemplate;
			sourceTree = "<group>";
		};
		29B97315FDCFA39411CA2CEA /* Other Sources */ = {
			isa = PBXGroup;
			children = (
				21D0B3C812ECAA7600CD8E27 /* 32px-Speaker_Off.png */,
				21D0B3C912ECAA7600CD8E27 /* 32px-Speaker_On.png */,
				B459142412E27B8200BB3384 /* samples */,
				2113CFDF12CB9EF600D85682 /* audacity_0.aif */,
				21208F5012CBD6840075A01F /* audacity_1.aif */,
				21208EDF12CBD4EC0075A01F /* audacity_2.aif */,
				210FA40D12C8F963006FD4C7 /* click.aif */,
				21FD9A2312C256EC009B5199 /* TheRocket_Prefix.pch */,
				29B97316FDCFA39411CA2CEA /* main.m */,
			);
			name = "Other Sources";
			sourceTree = "<group>";
		};
		29B97323FDCFA39411CA2CEA /* Frameworks */ = {
			isa = PBXGroup;
			children = (
				1DF5F4DF0D08C38300B7A737 /* UIKit.framework */,
				1D30AB110D05D00D00671497 /* Foundation.framework */,
				288765FC0DF74451002DB57D /* CoreGraphics.framework */,
				2164C78B12C2528F00B7BB3E /* AudioToolbox.framework */,
			);
			name = Frameworks;
			sourceTree = "<group>";
		};
		B459142412E27B8200BB3384 /* samples */ = {
			isa = PBXGroup;
			children = (
				B459142512E27B8200BB3384 /* ePiano.aif */,
				B459142612E27B8200BB3384 /* flute.aif */,
				B459142712E27B8200BB3384 /* marimba.aif */,
				B459142812E27B8200BB3384 /* trumpet.aif */,
			);
			path = samples;
			sourceTree = "<group>";
		};
/* End PBXGroup section */

/* Begin PBXNativeTarget section */
		1D6058900D05DD3D006BFB54 /* TheRocket */ = {
			isa = PBXNativeTarget;
			buildConfigurationList = 1D6058960D05DD3E006BFB54 /* Build configuration list for PBXNativeTarget "TheRocket" */;
			buildPhases = (
				1D60588D0D05DD3D006BFB54 /* Resources */,
				1D60588E0D05DD3D006BFB54 /* Sources */,
				1D60588F0D05DD3D006BFB54 /* Frameworks */,
			);
			buildRules = (
			);
			dependencies = (
			);
			name = TheRocket;
			productName = SimpleSynth_Universal;
			productReference = 1D6058910D05DD3D006BFB54 /* TheRocket.app */;
			productType = "com.apple.product-type.application";
		};
/* End PBXNativeTarget section */

/* Begin PBXProject section */
		29B97313FDCFA39411CA2CEA /* Project object */ = {
			isa = PBXProject;
			attributes = {
				LastUpgradeCheck = 0420;
			};
			buildConfigurationList = C01FCF4E08A954540054247B /* Build configuration list for PBXProject "TheRocket" */;
			compatibilityVersion = "Xcode 3.1";
			developmentRegion = English;
			hasScannedForEncodings = 1;
			knownRegions = (
				English,
				Japanese,
				French,
				German,
			);
			mainGroup = 29B97314FDCFA39411CA2CEA /* CustomTemplate */;
			projectDirPath = "";
			projectRoot = "";
			targets = (
				1D6058900D05DD3D006BFB54 /* TheRocket */,
			);
		};
/* End PBXProject section */

/* Begin PBXResourcesBuildPhase section */
		1D60588D0D05DD3D006BFB54 /* Resources */ = {
			isa = PBXResourcesBuildPhase;
			buildActionMask = 2147483647;
			files = (
				2860E329111B887F00E27156 /* MainWindow_iPhone.xib in Resources */,
				2860E32F111B888700E27156 /* MainWindow_iPad.xib in Resources */,
				210FA40E12C8F963006FD4C7 /* click.aif in Resources */,
				2113CFE112CB9EF600D85682 /* audacity_0.aif in Resources */,
				21208EE112CBD4EC0075A01F /* audacity_2.aif in Resources */,
				21208F5112CBD6840075A01F /* audacity_1.aif in Resources */,
				B459142912E27B8200BB3384 /* ePiano.aif in Resources */,
				B459142A12E27B8200BB3384 /* flute.aif in Resources */,
				B459142B12E27B8200BB3384 /* marimba.aif in Resources */,
				B459142C12E27B8200BB3384 /* trumpet.aif in Resources */,
				21D0B3CA12ECAA7600CD8E27 /* 32px-Speaker_Off.png in Resources */,
				21D0B3CB12ECAA7600CD8E27 /* 32px-Speaker_On.png in Resources */,
			);
			runOnlyForDeploymentPostprocessing = 0;
		};
/* End PBXResourcesBuildPhase section */

/* Begin PBXSourcesBuildPhase section */
		1D60588E0D05DD3D006BFB54 /* Sources */ = {
			isa = PBXSourcesBuildPhase;
			buildActionMask = 2147483647;
			files = (
				1D60589B0D05DD56006BFB54 /* main.m in Sources */,
				2860E328111B887F00E27156 /* AppDelegate_iPhone.m in Sources */,
				2860E32E111B888700E27156 /* AppDelegate_iPad.m in Sources */,
				2164C78812C2527D00B7BB3E /* AQPlayer.m in Sources */,
				21D969C512C8E1150091C35C /* SoundFile.m in Sources */,
				21D969CF12C8E1630091C35C /* TouchView.m in Sources */,
				21D0B3C112ECAA3E00CD8E27 /* SimpleSynth_Singleton.m in Sources */,
				21D0B40812ED27F900CD8E27 /* allpass.c in Sources */,
				21D0B40912ED27F900CD8E27 /* comb.c in Sources */,
				21D0B40A12ED27F900CD8E27 /* revmodel.c in Sources */,
				21D0B41012ED29A900CD8E27 /* freeverb.c in Sources */,
			);
			runOnlyForDeploymentPostprocessing = 0;
		};
/* End PBXSourcesBuildPhase section */

/* Begin XCBuildConfiguration section */
		1D6058940D05DD3E006BFB54 /* Debug */ = {
			isa = XCBuildConfiguration;
			buildSettings = {
				ALWAYS_SEARCH_USER_PATHS = NO;
				ARCHS = (
					armv6,
					"$(ARCHS_STANDARD_32_BIT)",
				);
				COPY_PHASE_STRIP = NO;
				GCC_DYNAMIC_NO_PIC = NO;
				GCC_OPTIMIZATION_LEVEL = 0;
				GCC_PRECOMPILE_PREFIX_HEADER = YES;
				GCC_PREFIX_HEADER = TheRocket_Prefix.pch;
				INFOPLIST_FILE = "TheRocket-Info.plist";
				IPHONEOS_DEPLOYMENT_TARGET = 4.2;
				PRODUCT_NAME = TheRocket;
			};
			name = Debug;
		};
		1D6058950D05DD3E006BFB54 /* Release */ = {
			isa = XCBuildConfiguration;
			buildSettings = {
				ALWAYS_SEARCH_USER_PATHS = NO;
				ARCHS = (
					armv6,
					"$(ARCHS_STANDARD_32_BIT)",
				);
				COPY_PHASE_STRIP = YES;
				GCC_PRECOMPILE_PREFIX_HEADER = YES;
				GCC_PREFIX_HEADER = TheRocket_Prefix.pch;
				INFOPLIST_FILE = "TheRocket-Info.plist";
				IPHONEOS_DEPLOYMENT_TARGET = 4.2;
				PRODUCT_NAME = TheRocket;
				VALIDATE_PRODUCT = YES;
			};
			name = Release;
		};
		C01FCF4F08A954540054247B /* Debug */ = {
			isa = XCBuildConfiguration;
			buildSettings = {
				ARCHS = "$(ARCHS_STANDARD_32_BIT)";
				"CODE_SIGN_IDENTITY[sdk=iphoneos*]" = "iPhone Developer";
				GCC_C_LANGUAGE_STANDARD = c99;
				GCC_WARN_ABOUT_RETURN_TYPE = YES;
				GCC_WARN_UNUSED_VARIABLE = YES;
				PREBINDING = NO;
				SDKROOT = iphoneos;
				TARGETED_DEVICE_FAMILY = "1,2";
			};
			name = Debug;
		};
		C01FCF5008A954540054247B /* Release */ = {
			isa = XCBuildConfiguration;
			buildSettings = {
				ARCHS = "$(ARCHS_STANDARD_32_BIT)";
				"CODE_SIGN_IDENTITY[sdk=iphoneos*]" = "iPhone Developer";
				GCC_C_LANGUAGE_STANDARD = c99;
				GCC_WARN_ABOUT_RETURN_TYPE = YES;
				GCC_WARN_UNUSED_VARIABLE = YES;
				OTHER_CFLAGS = "-DNS_BLOCK_ASSERTIONS=1";
				PREBINDING = NO;
				SDKROOT = iphoneos;
				TARGETED_DEVICE_FAMILY = "1,2";
			};
			name = Release;
		};
/* End XCBuildConfiguration section */

/* Begin XCConfigurationList section */
		1D6058960D05DD3E006BFB54 /* Build configuration list for PBXNativeTarget "TheRocket" */ = {
			isa = XCConfigurationList;
			buildConfigurations = (
				1D6058940D05DD3E006BFB54 /* Debug */,
				1D6058950D05DD3E006BFB54 /* Release */,
			);
			defaultConfigurationIsVisible = 0;
			defaultConfigurationName = Release;
		};
		C01FCF4E08A954540054247B /* Build configuration list for PBXProject "TheRocket" */ = {
			isa = XCConfigurationList;
			buildConfigurations = (
				C01FCF4F08A954540054247B /* Debug */,
				C01FCF5008A954540054247B /* Release */,
			);
			defaultConfigurationIsVisible = 0;
			defaultConfigurationName = Release;
		};
/* End XCConfigurationList section */
	};
	rootObject = 29B97313FDCFA39411CA2CEA /* Project object */;
}
